
Microsoft Visual Studio Solution File, Format Version 12.00
# Visual Studio Version 16
VisualStudioVersion = 16.0.29025.244
MinimumVisualStudioVersion = 10.0.40219.1
Project("{8BC9CEB8-8B4A-11D0-8D11-00A0C91BC942}") = "leetcode_237", "leetcode_237\leetcode_237.vcxproj", "{F6AFA41E-2A17-4085-B45F-77B23BFEF596}"
EndProject
Project("{8BC9CEB8-8B4A-11D0-8D11-00A0C91BC942}") = "leetcode_832", "leetcode_832\leetcode_832.vcxproj", "{78B2727E-E1B9-4BE5-9393-A15751753C94}"
EndProject
Project("{8BC9CEB8-8B4A-11D0-8D11-00A0C91BC942}") = "leetcode_206", "leetcode_206\leetcode_206.vcxproj", "{9342FFFF-C21D-4F3C-9DB6-B65D61859601}"
EndProject
Project("{8BC9CEB8-8B4A-11D0-8D11-00A0C91BC942}") = "leetcode_169", "leetcode_169\leetcode_169.vcxproj", "{9869DAAD-5DA3-417F-A054-547A949BB463}"
EndProject
Project("{8BC9CEB8-8B4A-11D0-8D11-00A0C91BC942}") = "leetcode_905", "leetcode_905\leetcode_905.vcxproj", "{2E71554B-E777-4A4A-8703-2870EF877684}"
EndProject
Project("{8BC9CEB8-8B4A-11D0-8D11-00A0C91BC942}") = "leetcode_977", "leetcode_977\leetcode_977.vcxproj", "{995D48BB-6CFB-4408-9242-4B96DA169ACD}"
EndProject
Project("{8BC9CEB8-8B4A-11D0-8D11-00A0C91BC942}") = "leetcode_21", "leetcode_21\leetcode_21.vcxproj", "{DA3D8330-F4A0-4DA2-A10A-079D81E3A03E}"
EndProject
Project("{8BC9CEB8-8B4A-11D0-8D11-00A0C91BC942}") = "leetcode_561", "leetcode_561\leetcode_561.vcxproj", "{76B85689-0840-4C53-969E-7C4DB6A4B45A}"
EndProject
Project("{8BC9CEB8-8B4A-11D0-8D11-00A0C91BC942}") = "leetcode_83", "leetcode_83\leetcode_83.vcxproj", "{F7F0D2ED-26F2-4656-B490-407427F35D25}"
EndProject
Project("{8BC9CEB8-8B4A-11D0-8D11-00A0C91BC942}") = "leetcode_876", "leetcode_876\leetcode_876.vcxproj", "{9616B4D7-A29A-42F9-842E-CE146D195D60}"
EndProject
Project("{8BC9CEB8-8B4A-11D0-8D11-00A0C91BC942}") = "leetcode_1", "leetcode_1\leetcode_1.vcxproj", "{7CF7BF70-9471-4254-B7B4-A168C4DA66B1}"
EndProject
Project("{8BC9CEB8-8B4A-11D0-8D11-00A0C91BC942}") = "leetcode_203", "leetcode_203\leetcode_203.vcxproj", "{7905634B-62D2-4E3F-8677-F029473CF01D}"
EndProject
Project("{8BC9CEB8-8B4A-11D0-8D11-00A0C91BC942}") = "leetcode_160", "leetcode_160\leetcode_160.vcxproj", "{A70C1EAA-DC30-428A-BAD2-973BF98C2781}"
EndProject
Project("{8BC9CEB8-8B4A-11D0-8D11-00A0C91BC942}") = "leetcode_23", "leetcode_23\leetcode_23.vcxproj", "{7289D451-5755-46E4-A9A5-B5294FD22C30}"
EndProject
Project("{8BC9CEB8-8B4A-11D0-8D11-00A0C91BC942}") = "util", "util\util.vcxproj", "{0B540A7D-A489-481D-9CFD-88B9CC402CA1}"
EndProject
Project("{8BC9CEB8-8B4A-11D0-8D11-00A0C91BC942}") = "leetcode_167", "leetcode_167\leetcode_167.vcxproj", "{97686A1C-1CA4-4B02-A02C-169D0DB548B2}"
EndProject
Project("{8BC9CEB8-8B4A-11D0-8D11-00A0C91BC942}") = "leetcode_653", "leetcode_653\leetcode_653.vcxproj", "{2E87B1D3-C273-4B47-BA7A-03824F9E3A0A}"
EndProject
Project("{8BC9CEB8-8B4A-11D0-8D11-00A0C91BC942}") = "leetcode_704", "leetcode_704\leetcode_704.vcxproj", "{0F1F5A70-C87A-4099-9A7B-12ACD6B532AE}"
EndProject
Project("{8BC9CEB8-8B4A-11D0-8D11-00A0C91BC942}") = "leetcode_700", "leetcode_700\leetcode_700.vcxproj", "{8B750AA9-64A5-480B-8EC6-D90FF8C62646}"
EndProject
Project("{8BC9CEB8-8B4A-11D0-8D11-00A0C91BC942}") = "leetcode_136", "leetcode_136\leetcode_136.vcxproj", "{BB769480-88E1-4C7C-B5D2-AE759B6CAD24}"
EndProject
Project("{8BC9CEB8-8B4A-11D0-8D11-00A0C91BC942}") = "leetcode_461", "leetcode_461\leetcode_461.vcxproj", "{8DACE8C8-DBEB-46E2-B8FB-EAE4A36C34A4}"
EndProject
Project("{8BC9CEB8-8B4A-11D0-8D11-00A0C91BC942}") = "leetcode_617", "leetcode_617\leetcode_617.vcxproj", "{90852F2E-F87E-4B37-B1A7-FACBFF0F5476}"
EndProject
Project("{8BC9CEB8-8B4A-11D0-8D11-00A0C91BC942}") = "leetcode_229", "leetcode_229\leetcode_229.vcxproj", "{86A809A2-8F37-46FB-9A4F-48C778892059}"
EndProject
Project("{8BC9CEB8-8B4A-11D0-8D11-00A0C91BC942}") = "leetcode_961", "leetcode_961\leetcode_961.vcxproj", "{9C56522C-1F46-4BAB-BA91-2419A4793DD3}"
EndProject
Project("{8BC9CEB8-8B4A-11D0-8D11-00A0C91BC942}") = "leetcode_709", "leetcode_709\leetcode_709.vcxproj", "{B8B2E4DB-6364-4A90-82CE-0C1E65109762}"
EndProject
Project("{8BC9CEB8-8B4A-11D0-8D11-00A0C91BC942}") = "leetcode_728", "leetcode_728\leetcode_728.vcxproj", "{20D8A29E-7A30-4F6A-B184-DEF665947371}"
EndProject
Project("{8BC9CEB8-8B4A-11D0-8D11-00A0C91BC942}") = "leetcode_922", "leetcode_922\leetcode_922.vcxproj", "{8025B366-A4CB-4AA6-B496-BA45D5AFAE23}"
EndProject
Project("{8BC9CEB8-8B4A-11D0-8D11-00A0C91BC942}") = "leetcode_82", "leetcode_82\leetcode_82.vcxproj", "{6A38B1A3-7822-4D60-A663-206024EF7556}"
EndProject
Project("{8BC9CEB8-8B4A-11D0-8D11-00A0C91BC942}") = "leetcode_72", "leetcode_72\leetcode_72.vcxproj", "{03CD1828-3898-4AA7-898A-FC1D8C5BE69F}"
EndProject
Project("{8BC9CEB8-8B4A-11D0-8D11-00A0C91BC942}") = "leetcode_15", "leetcode_15\leetcode_15.vcxproj", "{538462D3-9538-4CD8-AB20-0471C0158BF9}"
EndProject
Project("{8BC9CEB8-8B4A-11D0-8D11-00A0C91BC942}") = "leetcode_121", "leetcode_121\leetcode_121.vcxproj", "{E992ACBC-51A0-4F05-B141-51BD4E2805EA}"
EndProject
Project("{8BC9CEB8-8B4A-11D0-8D11-00A0C91BC942}") = "leetcode_122", "leetcode_122\leetcode_122.vcxproj", "{5C9BD99F-DC12-478C-BAE3-53CC90B6FE25}"
EndProject
Project("{8BC9CEB8-8B4A-11D0-8D11-00A0C91BC942}") = "leetcode_123", "leetcode_123\leetcode_123.vcxproj", "{DBCF5843-2F07-4EB2-BED5-96D1F7ADAD7E}"
EndProject
Project("{8BC9CEB8-8B4A-11D0-8D11-00A0C91BC942}") = "leetcode_188", "leetcode_188\leetcode_188.vcxproj", "{0A4A2BD1-FEE9-4423-B4C5-6CD80A7E824B}"
EndProject
Project("{8BC9CEB8-8B4A-11D0-8D11-00A0C91BC942}") = "leetcode_1114", "leetcode_1114\leetcode_1114.vcxproj", "{58221023-05EE-4459-8976-C65FFE0452DF}"
EndProject
Project("{8BC9CEB8-8B4A-11D0-8D11-00A0C91BC942}") = "leetcode_1025", "leetcode_1025\leetcode_1025.vcxproj", "{E3271967-59C4-45E4-8A75-376E94EE471F}"
EndProject
Project("{8BC9CEB8-8B4A-11D0-8D11-00A0C91BC942}") = "leetcode_707", "leetcode_707\leetcode_707.vcxproj", "{013302D0-5EB5-43D3-A22F-954A95C40CB7}"
EndProject
Project("{8BC9CEB8-8B4A-11D0-8D11-00A0C91BC942}") = "leetcode_234", "leetcode_234\leetcode_234.vcxproj", "{84B23E14-0A3C-4422-AED5-76B47F2306F3}"
EndProject
Project("{8BC9CEB8-8B4A-11D0-8D11-00A0C91BC942}") = "leetcode_141", "leetcode_141\leetcode_141.vcxproj", "{856069EA-42AE-4ABA-A989-74CE6626CE37}"
EndProject
Project("{8BC9CEB8-8B4A-11D0-8D11-00A0C91BC942}") = "leetcode_9", "leetcode_9\leetcode_9.vcxproj", "{96ED0058-411D-4385-B932-4113D82806BD}"
EndProject
Project("{8BC9CEB8-8B4A-11D0-8D11-00A0C91BC942}") = "leetcode_1108", "leetcode_1108\leetcode_1108.vcxproj", "{86F1360D-5637-47FD-87F4-BDFF877B4447}"
EndProject
Project("{8BC9CEB8-8B4A-11D0-8D11-00A0C91BC942}") = "leetcode_647", "leetcode_647\leetcode_647.vcxproj", "{C0ED4E06-5635-4E71-9C4C-CAF87B68CD5A}"
EndProject
Project("{8BC9CEB8-8B4A-11D0-8D11-00A0C91BC942}") = "leetcode_155", "leetcode_155\leetcode_155.vcxproj", "{8263D5DF-D8C1-45D3-ADE8-2A27262EED9D}"
EndProject
Project("{8BC9CEB8-8B4A-11D0-8D11-00A0C91BC942}") = "leetcode_239", "leetcode_239\leetcode_239.vcxproj", "{450BF775-14C6-4D2A-B476-C7E2226AF1E9}"
EndProject
Project("{8BC9CEB8-8B4A-11D0-8D11-00A0C91BC942}") = "leetcode_20", "leetcode_20\leetcode_20.vcxproj", "{5261EF60-BEC2-4D7C-B110-93C22CF358CC}"
EndProject
Project("{8BC9CEB8-8B4A-11D0-8D11-00A0C91BC942}") = "leetcode_1021", "leetcode_1021\leetcode_1021.vcxproj", "{A8A25660-F960-479F-9BEE-B35600197F42}"
EndProject
Project("{8BC9CEB8-8B4A-11D0-8D11-00A0C91BC942}") = "leetcode_771", "leetcode_771\leetcode_771.vcxproj", "{28EDFB37-6F8D-4589-95C3-DE74ED35E8D4}"
EndProject
Project("{8BC9CEB8-8B4A-11D0-8D11-00A0C91BC942}") = "leetcode_726", "leetcode_726\leetcode_726.vcxproj", "{08B83914-9422-4089-A56D-23AFC3213784}"
EndProject
Project("{8BC9CEB8-8B4A-11D0-8D11-00A0C91BC942}") = "leetcode_2", "leetcode_2\leetcode_2.vcxproj", "{56313F42-380A-4C6E-A334-391AF6745FB8}"
EndProject
Project("{8BC9CEB8-8B4A-11D0-8D11-00A0C91BC942}") = "leetcode_25", "leetcode_25\leetcode_25.vcxproj", "{4944C1A8-AD03-4D0E-BCCA-C5CD45EB98BA}"
EndProject
Project("{8BC9CEB8-8B4A-11D0-8D11-00A0C91BC942}") = "leetcode_92", "leetcode_92\leetcode_92.vcxproj", "{C8894F00-87C1-42CF-B3BA-415819915B23}"
EndProject
Project("{8BC9CEB8-8B4A-11D0-8D11-00A0C91BC942}") = "leetcode_1019", "leetcode_1019\leetcode_1019.vcxproj", "{4A0EC699-0FF4-46BE-B06B-A3E99E1AA8A3}"
EndProject
Project("{8BC9CEB8-8B4A-11D0-8D11-00A0C91BC942}") = "leetcode_445", "leetcode_445\leetcode_445.vcxproj", "{F7702C7F-B6E3-4960-A885-B07EEA9E17D0}"
EndProject
Project("{8BC9CEB8-8B4A-11D0-8D11-00A0C91BC942}") = "leetcode_807", "leetcode_807\leetcode_807.vcxproj", "{5C1D975A-9747-44E3-9266-7C0ABED1F864}"
EndProject
Project("{8BC9CEB8-8B4A-11D0-8D11-00A0C91BC942}") = "leetcode_938", "leetcode_938\leetcode_938.vcxproj", "{0FEB52CA-A2E7-4181-AF05-8307DC3D8145}"
EndProject
Project("{8BC9CEB8-8B4A-11D0-8D11-00A0C91BC942}") = "leetcode_547", "leetcode_547\leetcode_547.vcxproj", "{FC35650F-9669-432D-A0B7-3B246BF5CAEC}"
EndProject
Project("{8BC9CEB8-8B4A-11D0-8D11-00A0C91BC942}") = "leetcode_929", "leetcode_929\leetcode_929.vcxproj", "{38911B87-A547-434C-94B8-0BD6054A80DA}"
EndProject
Project("{8BC9CEB8-8B4A-11D0-8D11-00A0C91BC942}") = "leetcode_933", "leetcode_933\leetcode_933.vcxproj", "{E91B9401-09D2-4E34-A960-D0656AB6A776}"
EndProject
Project("{8BC9CEB8-8B4A-11D0-8D11-00A0C91BC942}") = "leetcode_942", "leetcode_942\leetcode_942.vcxproj", "{C75B2F9F-4EA9-452A-86D6-7F3F0DFED81D}"
EndProject
Project("{8BC9CEB8-8B4A-11D0-8D11-00A0C91BC942}") = "leetcode_1122", "leetcode_1122\leetcode_1122.vcxproj", "{7680049F-960C-4E58-8BC6-897CD4D3CA27}"
EndProject
Project("{8BC9CEB8-8B4A-11D0-8D11-00A0C91BC942}") = "leetcode_589", "leetcode_589\leetcode_589.vcxproj", "{DD320F21-85D2-43E1-8AA7-499075805F21}"
EndProject
Project("{8BC9CEB8-8B4A-11D0-8D11-00A0C91BC942}") = "leetcode_590", "leetcode_590\leetcode_590.vcxproj", "{B0E34C3A-7690-4FA9-A127-0E715D41C800}"
EndProject
Project("{8BC9CEB8-8B4A-11D0-8D11-00A0C91BC942}") = "leetcode_1038", "leetcode_1038\leetcode_1038.vcxproj", "{D9833F9C-AB64-4368-B7A3-0884FE98C443}"
EndProject
Project("{8BC9CEB8-8B4A-11D0-8D11-00A0C91BC942}") = "leetcode_535", "leetcode_535\leetcode_535.vcxproj", "{9B01982C-EA28-44AE-A08C-AB162BE08B2D}"
EndProject
Project("{8BC9CEB8-8B4A-11D0-8D11-00A0C91BC942}") = "leetcode_654", "leetcode_654\leetcode_654.vcxproj", "{C594D33B-E54D-456C-9588-42F6AF5AABFB}"
EndProject
Project("{8BC9CEB8-8B4A-11D0-8D11-00A0C91BC942}") = "leetcode_701", "leetcode_701\leetcode_701.vcxproj", "{FCF6A617-9906-41D8-A3EE-7E129B56DA12}"
EndProject
Project("{8BC9CEB8-8B4A-11D0-8D11-00A0C91BC942}") = "leetcode_338", "leetcode_338\leetcode_338.vcxproj", "{6D9C188D-61A9-48C4-A2E6-DAA460775117}"
EndProject
Project("{8BC9CEB8-8B4A-11D0-8D11-00A0C91BC942}") = "leetcode_104", "leetcode_104\leetcode_104.vcxproj", "{38CBBCB1-974E-48A5-805C-F08DE0D91E12}"
EndProject
Project("{8BC9CEB8-8B4A-11D0-8D11-00A0C91BC942}") = "leetcode_406", "leetcode_406\leetcode_406.vcxproj", "{4E2F9EF1-FAB3-4473-BE04-86070D37AB62}"
EndProject
Project("{8BC9CEB8-8B4A-11D0-8D11-00A0C91BC942}") = "leetcode_226", "leetcode_226\leetcode_226.vcxproj", "{10A25154-2CED-4AF4-91F7-289E64C98D0F}"
EndProject
Project("{8BC9CEB8-8B4A-11D0-8D11-00A0C91BC942}") = "leetcode_283", "leetcode_283\leetcode_283.vcxproj", "{C5B4E4E3-3074-4C8B-BF21-C32D312D019E}"
EndProject
Project("{8BC9CEB8-8B4A-11D0-8D11-00A0C91BC942}") = "leetcode_448", "leetcode_448\leetcode_448.vcxproj", "{6E115EB2-C5E0-44F5-9FA8-FEACE5C65E23}"
EndProject
Project("{8BC9CEB8-8B4A-11D0-8D11-00A0C91BC942}") = "leetcode_442", "leetcode_442\leetcode_442.vcxproj", "{FF9D57CC-D6CF-4F55-B827-093E37E3AB90}"
EndProject
Project("{8BC9CEB8-8B4A-11D0-8D11-00A0C91BC942}") = "leetcode_538", "leetcode_538\leetcode_538.vcxproj", "{A55E3640-56E2-4042-AB78-2EB64803A530}"
EndProject
Project("{8BC9CEB8-8B4A-11D0-8D11-00A0C91BC942}") = "leetcode_739", "leetcode_739\leetcode_739.vcxproj", "{417EB51C-4FEE-437B-AB48-EFE1D2A7B0AB}"
EndProject
Project("{8BC9CEB8-8B4A-11D0-8D11-00A0C91BC942}") = "leetcode_496", "leetcode_496\leetcode_496.vcxproj", "{F7CBC276-240B-4C98-B381-71DAF1677DEB}"
EndProject
Project("{8BC9CEB8-8B4A-11D0-8D11-00A0C91BC942}") = "leetcode_94", "leetcode_94\leetcode_94.vcxproj", "{F35B1447-C40A-4901-AA1A-0D3EFC16BB63}"
EndProject
Project("{8BC9CEB8-8B4A-11D0-8D11-00A0C91BC942}") = "leetcode_46", "leetcode_46\leetcode_46.vcxproj", "{C5BF9891-3191-4488-8ECB-6BF25E830A74}"
EndProject
Project("{8BC9CEB8-8B4A-11D0-8D11-00A0C91BC942}") = "leetcode_1137", "leetcode_1137\leetcode_1137.vcxproj", "{E9D35419-1ECD-415C-9F41-ED0B211F75FB}"
EndProject
Project("{8BC9CEB8-8B4A-11D0-8D11-00A0C91BC942}") = "leetcode_1138", "leetcode_1138\leetcode_1138.vcxproj", "{7724D5F7-5A0D-4DC8-BB1B-C13A7E584EBA}"
EndProject
Project("{8BC9CEB8-8B4A-11D0-8D11-00A0C91BC942}") = "leetcode_27", "leetcode_27\leetcode_27.vcxproj", "{A5608D39-0A3E-46DB-A687-03FAC3745DA9}"
EndProject
Project("{8BC9CEB8-8B4A-11D0-8D11-00A0C91BC942}") = "leetcode_238", "leetcode_238\leetcode_238.vcxproj", "{F61F23A9-499A-440B-9A78-2769E7F18CC4}"
EndProject
Project("{8BC9CEB8-8B4A-11D0-8D11-00A0C91BC942}") = "leetcode_347", "leetcode_347\leetcode_347.vcxproj", "{542E89B2-2F62-41EA-8687-14A4B43DF6CE}"
EndProject
Project("{8BC9CEB8-8B4A-11D0-8D11-00A0C91BC942}") = "leetcode_543", "leetcode_543\leetcode_543.vcxproj", "{5BAF35DB-DE77-4495-96F9-ABC516122FEE}"
EndProject
Project("{8BC9CEB8-8B4A-11D0-8D11-00A0C91BC942}") = "leetcode_70", "leetcode_70\leetcode_70.vcxproj", "{1FC746C1-1C0E-436F-919E-53961FC8AEDE}"
EndProject
Project("{8BC9CEB8-8B4A-11D0-8D11-00A0C91BC942}") = "leetcode_53", "leetcode_53\leetcode_53.vcxproj", "{7352F111-4192-4325-929C-FE448240DC88}"
EndProject
Project("{8BC9CEB8-8B4A-11D0-8D11-00A0C91BC942}") = "leetcode_101", "leetcode_101\leetcode_101.vcxproj", "{69C50B28-1F20-4060-85E1-1C2A9B623165}"
EndProject
Project("{8BC9CEB8-8B4A-11D0-8D11-00A0C91BC942}") = "leetcode_581", "leetcode_581\leetcode_581.vcxproj", "{9A66F31B-6A5A-4BE0-BDFA-29666C0CB9A5}"
EndProject
Project("{8BC9CEB8-8B4A-11D0-8D11-00A0C91BC942}") = "leetcode_112", "leetcode_112\leetcode_112.vcxproj", "{F97B76D9-722E-4C1D-A70E-635EA8C0F8BC}"
EndProject
Project("{8BC9CEB8-8B4A-11D0-8D11-00A0C91BC942}") = "leetcode_113", "leetcode_113\leetcode_113.vcxproj", "{1A9E9AF8-8BFD-48BC-8DFA-959030DA15AF}"
EndProject
Project("{8BC9CEB8-8B4A-11D0-8D11-00A0C91BC942}") = "leetcode_437", "leetcode_437\leetcode_437.vcxproj", "{13F3CE0C-01BF-4DC7-83FF-6612203696C6}"
EndProject
Project("{8BC9CEB8-8B4A-11D0-8D11-00A0C91BC942}") = "leetcode_337", "leetcode_337\leetcode_337.vcxproj", "{A1169E36-EC37-46D1-A149-5EB31D6222B0}"
EndProject
Project("{8BC9CEB8-8B4A-11D0-8D11-00A0C91BC942}") = "leetcode_287", "leetcode_287\leetcode_287.vcxproj", "{9E918836-B4DE-4C5D-BC96-6350DA2103AE}"
EndProject
Project("{8BC9CEB8-8B4A-11D0-8D11-00A0C91BC942}") = "leetcode_1051", "leetcode_1051\leetcode_1051.vcxproj", "{8E2F401F-DE0B-47DD-BB8B-6B9AC03791DA}"
EndProject
Project("{8BC9CEB8-8B4A-11D0-8D11-00A0C91BC942}") = "leetcode_965", "leetcode_965\leetcode_965.vcxproj", "{4EA31AF4-991F-4C1D-A60A-0E88BDE8406E}"
EndProject
Project("{8BC9CEB8-8B4A-11D0-8D11-00A0C91BC942}") = "leetcode_48", "leetcode_48\leetcode_48.vcxproj", "{99B9E069-57E8-41FC-A389-A8781FB9276B}"
EndProject
Project("{8BC9CEB8-8B4A-11D0-8D11-00A0C91BC942}") = "leetcode_78", "leetcode_78\leetcode_78.vcxproj", "{6119A259-7A1C-424A-B532-942921268708}"
EndProject
Project("{8BC9CEB8-8B4A-11D0-8D11-00A0C91BC942}") = "leetcode_102", "leetcode_102\leetcode_102.vcxproj", "{325DCBC4-C75B-473D-9845-32139BC94F1F}"
EndProject
Project("{8BC9CEB8-8B4A-11D0-8D11-00A0C91BC942}") = "leetcode_215", "leetcode_215\leetcode_215.vcxproj", "{925B4E13-945E-495D-9AC8-6B467ABA19C0}"
EndProject
Project("{8BC9CEB8-8B4A-11D0-8D11-00A0C91BC942}") = "leetcode_39", "leetcode_39\leetcode_39.vcxproj", "{5A4F6F9F-21A6-4377-825D-F794F5F84F38}"
EndProject
Project("{8BC9CEB8-8B4A-11D0-8D11-00A0C91BC942}") = "leetcode_62", "leetcode_62\leetcode_62.vcxproj", "{26FC13F0-68EB-4F48-8A66-2A11DEC16E4D}"
EndProject
Project("{8BC9CEB8-8B4A-11D0-8D11-00A0C91BC942}") = "leetcode_49", "leetcode_49\leetcode_49.vcxproj", "{97DDB0F4-8EF0-4044-9F94-2C5ED09B4669}"
EndProject
Global
	GlobalSection(SolutionConfigurationPlatforms) = preSolution
		Debug|x64 = Debug|x64
		Debug|x86 = Debug|x86
		Release|x64 = Release|x64
		Release|x86 = Release|x86
	EndGlobalSection
	GlobalSection(ProjectConfigurationPlatforms) = postSolution
		{F6AFA41E-2A17-4085-B45F-77B23BFEF596}.Debug|x64.ActiveCfg = Debug|x64
		{F6AFA41E-2A17-4085-B45F-77B23BFEF596}.Debug|x64.Build.0 = Debug|x64
		{F6AFA41E-2A17-4085-B45F-77B23BFEF596}.Debug|x86.ActiveCfg = Debug|Win32
		{F6AFA41E-2A17-4085-B45F-77B23BFEF596}.Debug|x86.Build.0 = Debug|Win32
		{F6AFA41E-2A17-4085-B45F-77B23BFEF596}.Release|x64.ActiveCfg = Release|x64
		{F6AFA41E-2A17-4085-B45F-77B23BFEF596}.Release|x64.Build.0 = Release|x64
		{F6AFA41E-2A17-4085-B45F-77B23BFEF596}.Release|x86.ActiveCfg = Release|Win32
		{F6AFA41E-2A17-4085-B45F-77B23BFEF596}.Release|x86.Build.0 = Release|Win32
		{78B2727E-E1B9-4BE5-9393-A15751753C94}.Debug|x64.ActiveCfg = Debug|x64
		{78B2727E-E1B9-4BE5-9393-A15751753C94}.Debug|x64.Build.0 = Debug|x64
		{78B2727E-E1B9-4BE5-9393-A15751753C94}.Debug|x86.ActiveCfg = Debug|Win32
		{78B2727E-E1B9-4BE5-9393-A15751753C94}.Debug|x86.Build.0 = Debug|Win32
		{78B2727E-E1B9-4BE5-9393-A15751753C94}.Release|x64.ActiveCfg = Release|x64
		{78B2727E-E1B9-4BE5-9393-A15751753C94}.Release|x64.Build.0 = Release|x64
		{78B2727E-E1B9-4BE5-9393-A15751753C94}.Release|x86.ActiveCfg = Release|Win32
		{78B2727E-E1B9-4BE5-9393-A15751753C94}.Release|x86.Build.0 = Release|Win32
		{9342FFFF-C21D-4F3C-9DB6-B65D61859601}.Debug|x64.ActiveCfg = Debug|x64
		{9342FFFF-C21D-4F3C-9DB6-B65D61859601}.Debug|x64.Build.0 = Debug|x64
		{9342FFFF-C21D-4F3C-9DB6-B65D61859601}.Debug|x86.ActiveCfg = Debug|Win32
		{9342FFFF-C21D-4F3C-9DB6-B65D61859601}.Debug|x86.Build.0 = Debug|Win32
		{9342FFFF-C21D-4F3C-9DB6-B65D61859601}.Release|x64.ActiveCfg = Release|x64
		{9342FFFF-C21D-4F3C-9DB6-B65D61859601}.Release|x64.Build.0 = Release|x64
		{9342FFFF-C21D-4F3C-9DB6-B65D61859601}.Release|x86.ActiveCfg = Release|Win32
		{9342FFFF-C21D-4F3C-9DB6-B65D61859601}.Release|x86.Build.0 = Release|Win32
		{9869DAAD-5DA3-417F-A054-547A949BB463}.Debug|x64.ActiveCfg = Debug|x64
		{9869DAAD-5DA3-417F-A054-547A949BB463}.Debug|x64.Build.0 = Debug|x64
		{9869DAAD-5DA3-417F-A054-547A949BB463}.Debug|x86.ActiveCfg = Debug|Win32
		{9869DAAD-5DA3-417F-A054-547A949BB463}.Debug|x86.Build.0 = Debug|Win32
		{9869DAAD-5DA3-417F-A054-547A949BB463}.Release|x64.ActiveCfg = Release|x64
		{9869DAAD-5DA3-417F-A054-547A949BB463}.Release|x64.Build.0 = Release|x64
		{9869DAAD-5DA3-417F-A054-547A949BB463}.Release|x86.ActiveCfg = Release|Win32
		{9869DAAD-5DA3-417F-A054-547A949BB463}.Release|x86.Build.0 = Release|Win32
		{2E71554B-E777-4A4A-8703-2870EF877684}.Debug|x64.ActiveCfg = Debug|x64
		{2E71554B-E777-4A4A-8703-2870EF877684}.Debug|x64.Build.0 = Debug|x64
		{2E71554B-E777-4A4A-8703-2870EF877684}.Debug|x86.ActiveCfg = Debug|Win32
		{2E71554B-E777-4A4A-8703-2870EF877684}.Debug|x86.Build.0 = Debug|Win32
		{2E71554B-E777-4A4A-8703-2870EF877684}.Release|x64.ActiveCfg = Release|x64
		{2E71554B-E777-4A4A-8703-2870EF877684}.Release|x64.Build.0 = Release|x64
		{2E71554B-E777-4A4A-8703-2870EF877684}.Release|x86.ActiveCfg = Release|Win32
		{2E71554B-E777-4A4A-8703-2870EF877684}.Release|x86.Build.0 = Release|Win32
		{995D48BB-6CFB-4408-9242-4B96DA169ACD}.Debug|x64.ActiveCfg = Debug|x64
		{995D48BB-6CFB-4408-9242-4B96DA169ACD}.Debug|x64.Build.0 = Debug|x64
		{995D48BB-6CFB-4408-9242-4B96DA169ACD}.Debug|x86.ActiveCfg = Debug|Win32
		{995D48BB-6CFB-4408-9242-4B96DA169ACD}.Debug|x86.Build.0 = Debug|Win32
		{995D48BB-6CFB-4408-9242-4B96DA169ACD}.Release|x64.ActiveCfg = Release|x64
		{995D48BB-6CFB-4408-9242-4B96DA169ACD}.Release|x64.Build.0 = Release|x64
		{995D48BB-6CFB-4408-9242-4B96DA169ACD}.Release|x86.ActiveCfg = Release|Win32
		{995D48BB-6CFB-4408-9242-4B96DA169ACD}.Release|x86.Build.0 = Release|Win32
		{DA3D8330-F4A0-4DA2-A10A-079D81E3A03E}.Debug|x64.ActiveCfg = Debug|x64
		{DA3D8330-F4A0-4DA2-A10A-079D81E3A03E}.Debug|x64.Build.0 = Debug|x64
		{DA3D8330-F4A0-4DA2-A10A-079D81E3A03E}.Debug|x86.ActiveCfg = Debug|Win32
		{DA3D8330-F4A0-4DA2-A10A-079D81E3A03E}.Debug|x86.Build.0 = Debug|Win32
		{DA3D8330-F4A0-4DA2-A10A-079D81E3A03E}.Release|x64.ActiveCfg = Release|x64
		{DA3D8330-F4A0-4DA2-A10A-079D81E3A03E}.Release|x64.Build.0 = Release|x64
		{DA3D8330-F4A0-4DA2-A10A-079D81E3A03E}.Release|x86.ActiveCfg = Release|Win32
		{DA3D8330-F4A0-4DA2-A10A-079D81E3A03E}.Release|x86.Build.0 = Release|Win32
		{76B85689-0840-4C53-969E-7C4DB6A4B45A}.Debug|x64.ActiveCfg = Debug|x64
		{76B85689-0840-4C53-969E-7C4DB6A4B45A}.Debug|x64.Build.0 = Debug|x64
		{76B85689-0840-4C53-969E-7C4DB6A4B45A}.Debug|x86.ActiveCfg = Debug|Win32
		{76B85689-0840-4C53-969E-7C4DB6A4B45A}.Debug|x86.Build.0 = Debug|Win32
		{76B85689-0840-4C53-969E-7C4DB6A4B45A}.Release|x64.ActiveCfg = Release|x64
		{76B85689-0840-4C53-969E-7C4DB6A4B45A}.Release|x64.Build.0 = Release|x64
		{76B85689-0840-4C53-969E-7C4DB6A4B45A}.Release|x86.ActiveCfg = Release|Win32
		{76B85689-0840-4C53-969E-7C4DB6A4B45A}.Release|x86.Build.0 = Release|Win32
		{F7F0D2ED-26F2-4656-B490-407427F35D25}.Debug|x64.ActiveCfg = Debug|x64
		{F7F0D2ED-26F2-4656-B490-407427F35D25}.Debug|x64.Build.0 = Debug|x64
		{F7F0D2ED-26F2-4656-B490-407427F35D25}.Debug|x86.ActiveCfg = Debug|Win32
		{F7F0D2ED-26F2-4656-B490-407427F35D25}.Debug|x86.Build.0 = Debug|Win32
		{F7F0D2ED-26F2-4656-B490-407427F35D25}.Release|x64.ActiveCfg = Release|x64
		{F7F0D2ED-26F2-4656-B490-407427F35D25}.Release|x64.Build.0 = Release|x64
		{F7F0D2ED-26F2-4656-B490-407427F35D25}.Release|x86.ActiveCfg = Release|Win32
		{F7F0D2ED-26F2-4656-B490-407427F35D25}.Release|x86.Build.0 = Release|Win32
		{9616B4D7-A29A-42F9-842E-CE146D195D60}.Debug|x64.ActiveCfg = Debug|x64
		{9616B4D7-A29A-42F9-842E-CE146D195D60}.Debug|x64.Build.0 = Debug|x64
		{9616B4D7-A29A-42F9-842E-CE146D195D60}.Debug|x86.ActiveCfg = Debug|Win32
		{9616B4D7-A29A-42F9-842E-CE146D195D60}.Debug|x86.Build.0 = Debug|Win32
		{9616B4D7-A29A-42F9-842E-CE146D195D60}.Release|x64.ActiveCfg = Release|x64
		{9616B4D7-A29A-42F9-842E-CE146D195D60}.Release|x64.Build.0 = Release|x64
		{9616B4D7-A29A-42F9-842E-CE146D195D60}.Release|x86.ActiveCfg = Release|Win32
		{9616B4D7-A29A-42F9-842E-CE146D195D60}.Release|x86.Build.0 = Release|Win32
		{7CF7BF70-9471-4254-B7B4-A168C4DA66B1}.Debug|x64.ActiveCfg = Debug|x64
		{7CF7BF70-9471-4254-B7B4-A168C4DA66B1}.Debug|x64.Build.0 = Debug|x64
		{7CF7BF70-9471-4254-B7B4-A168C4DA66B1}.Debug|x86.ActiveCfg = Debug|Win32
		{7CF7BF70-9471-4254-B7B4-A168C4DA66B1}.Debug|x86.Build.0 = Debug|Win32
		{7CF7BF70-9471-4254-B7B4-A168C4DA66B1}.Release|x64.ActiveCfg = Release|x64
		{7CF7BF70-9471-4254-B7B4-A168C4DA66B1}.Release|x64.Build.0 = Release|x64
		{7CF7BF70-9471-4254-B7B4-A168C4DA66B1}.Release|x86.ActiveCfg = Release|Win32
		{7CF7BF70-9471-4254-B7B4-A168C4DA66B1}.Release|x86.Build.0 = Release|Win32
		{7905634B-62D2-4E3F-8677-F029473CF01D}.Debug|x64.ActiveCfg = Debug|x64
		{7905634B-62D2-4E3F-8677-F029473CF01D}.Debug|x64.Build.0 = Debug|x64
		{7905634B-62D2-4E3F-8677-F029473CF01D}.Debug|x86.ActiveCfg = Debug|Win32
		{7905634B-62D2-4E3F-8677-F029473CF01D}.Debug|x86.Build.0 = Debug|Win32
		{7905634B-62D2-4E3F-8677-F029473CF01D}.Release|x64.ActiveCfg = Release|x64
		{7905634B-62D2-4E3F-8677-F029473CF01D}.Release|x64.Build.0 = Release|x64
		{7905634B-62D2-4E3F-8677-F029473CF01D}.Release|x86.ActiveCfg = Release|Win32
		{7905634B-62D2-4E3F-8677-F029473CF01D}.Release|x86.Build.0 = Release|Win32
		{A70C1EAA-DC30-428A-BAD2-973BF98C2781}.Debug|x64.ActiveCfg = Debug|x64
		{A70C1EAA-DC30-428A-BAD2-973BF98C2781}.Debug|x64.Build.0 = Debug|x64
		{A70C1EAA-DC30-428A-BAD2-973BF98C2781}.Debug|x86.ActiveCfg = Debug|Win32
		{A70C1EAA-DC30-428A-BAD2-973BF98C2781}.Debug|x86.Build.0 = Debug|Win32
		{A70C1EAA-DC30-428A-BAD2-973BF98C2781}.Release|x64.ActiveCfg = Release|x64
		{A70C1EAA-DC30-428A-BAD2-973BF98C2781}.Release|x64.Build.0 = Release|x64
		{A70C1EAA-DC30-428A-BAD2-973BF98C2781}.Release|x86.ActiveCfg = Release|Win32
		{A70C1EAA-DC30-428A-BAD2-973BF98C2781}.Release|x86.Build.0 = Release|Win32
		{7289D451-5755-46E4-A9A5-B5294FD22C30}.Debug|x64.ActiveCfg = Debug|x64
		{7289D451-5755-46E4-A9A5-B5294FD22C30}.Debug|x64.Build.0 = Debug|x64
		{7289D451-5755-46E4-A9A5-B5294FD22C30}.Debug|x86.ActiveCfg = Debug|Win32
		{7289D451-5755-46E4-A9A5-B5294FD22C30}.Debug|x86.Build.0 = Debug|Win32
		{7289D451-5755-46E4-A9A5-B5294FD22C30}.Release|x64.ActiveCfg = Release|x64
		{7289D451-5755-46E4-A9A5-B5294FD22C30}.Release|x64.Build.0 = Release|x64
		{7289D451-5755-46E4-A9A5-B5294FD22C30}.Release|x86.ActiveCfg = Release|Win32
		{7289D451-5755-46E4-A9A5-B5294FD22C30}.Release|x86.Build.0 = Release|Win32
		{0B540A7D-A489-481D-9CFD-88B9CC402CA1}.Debug|x64.ActiveCfg = Debug|x64
		{0B540A7D-A489-481D-9CFD-88B9CC402CA1}.Debug|x64.Build.0 = Debug|x64
		{0B540A7D-A489-481D-9CFD-88B9CC402CA1}.Debug|x86.ActiveCfg = Debug|Win32
		{0B540A7D-A489-481D-9CFD-88B9CC402CA1}.Debug|x86.Build.0 = Debug|Win32
		{0B540A7D-A489-481D-9CFD-88B9CC402CA1}.Release|x64.ActiveCfg = Release|x64
		{0B540A7D-A489-481D-9CFD-88B9CC402CA1}.Release|x64.Build.0 = Release|x64
		{0B540A7D-A489-481D-9CFD-88B9CC402CA1}.Release|x86.ActiveCfg = Release|Win32
		{0B540A7D-A489-481D-9CFD-88B9CC402CA1}.Release|x86.Build.0 = Release|Win32
		{97686A1C-1CA4-4B02-A02C-169D0DB548B2}.Debug|x64.ActiveCfg = Debug|x64
		{97686A1C-1CA4-4B02-A02C-169D0DB548B2}.Debug|x64.Build.0 = Debug|x64
		{97686A1C-1CA4-4B02-A02C-169D0DB548B2}.Debug|x86.ActiveCfg = Debug|Win32
		{97686A1C-1CA4-4B02-A02C-169D0DB548B2}.Debug|x86.Build.0 = Debug|Win32
		{97686A1C-1CA4-4B02-A02C-169D0DB548B2}.Release|x64.ActiveCfg = Release|x64
		{97686A1C-1CA4-4B02-A02C-169D0DB548B2}.Release|x64.Build.0 = Release|x64
		{97686A1C-1CA4-4B02-A02C-169D0DB548B2}.Release|x86.ActiveCfg = Release|Win32
		{97686A1C-1CA4-4B02-A02C-169D0DB548B2}.Release|x86.Build.0 = Release|Win32
		{2E87B1D3-C273-4B47-BA7A-03824F9E3A0A}.Debug|x64.ActiveCfg = Debug|x64
		{2E87B1D3-C273-4B47-BA7A-03824F9E3A0A}.Debug|x64.Build.0 = Debug|x64
		{2E87B1D3-C273-4B47-BA7A-03824F9E3A0A}.Debug|x86.ActiveCfg = Debug|Win32
		{2E87B1D3-C273-4B47-BA7A-03824F9E3A0A}.Debug|x86.Build.0 = Debug|Win32
		{2E87B1D3-C273-4B47-BA7A-03824F9E3A0A}.Release|x64.ActiveCfg = Release|x64
		{2E87B1D3-C273-4B47-BA7A-03824F9E3A0A}.Release|x64.Build.0 = Release|x64
		{2E87B1D3-C273-4B47-BA7A-03824F9E3A0A}.Release|x86.ActiveCfg = Release|Win32
		{2E87B1D3-C273-4B47-BA7A-03824F9E3A0A}.Release|x86.Build.0 = Release|Win32
		{0F1F5A70-C87A-4099-9A7B-12ACD6B532AE}.Debug|x64.ActiveCfg = Debug|x64
		{0F1F5A70-C87A-4099-9A7B-12ACD6B532AE}.Debug|x64.Build.0 = Debug|x64
		{0F1F5A70-C87A-4099-9A7B-12ACD6B532AE}.Debug|x86.ActiveCfg = Debug|Win32
		{0F1F5A70-C87A-4099-9A7B-12ACD6B532AE}.Debug|x86.Build.0 = Debug|Win32
		{0F1F5A70-C87A-4099-9A7B-12ACD6B532AE}.Release|x64.ActiveCfg = Release|x64
		{0F1F5A70-C87A-4099-9A7B-12ACD6B532AE}.Release|x64.Build.0 = Release|x64
		{0F1F5A70-C87A-4099-9A7B-12ACD6B532AE}.Release|x86.ActiveCfg = Release|Win32
		{0F1F5A70-C87A-4099-9A7B-12ACD6B532AE}.Release|x86.Build.0 = Release|Win32
		{8B750AA9-64A5-480B-8EC6-D90FF8C62646}.Debug|x64.ActiveCfg = Debug|x64
		{8B750AA9-64A5-480B-8EC6-D90FF8C62646}.Debug|x64.Build.0 = Debug|x64
		{8B750AA9-64A5-480B-8EC6-D90FF8C62646}.Debug|x86.ActiveCfg = Debug|Win32
		{8B750AA9-64A5-480B-8EC6-D90FF8C62646}.Debug|x86.Build.0 = Debug|Win32
		{8B750AA9-64A5-480B-8EC6-D90FF8C62646}.Release|x64.ActiveCfg = Release|x64
		{8B750AA9-64A5-480B-8EC6-D90FF8C62646}.Release|x64.Build.0 = Release|x64
		{8B750AA9-64A5-480B-8EC6-D90FF8C62646}.Release|x86.ActiveCfg = Release|Win32
		{8B750AA9-64A5-480B-8EC6-D90FF8C62646}.Release|x86.Build.0 = Release|Win32
		{BB769480-88E1-4C7C-B5D2-AE759B6CAD24}.Debug|x64.ActiveCfg = Debug|x64
		{BB769480-88E1-4C7C-B5D2-AE759B6CAD24}.Debug|x64.Build.0 = Debug|x64
		{BB769480-88E1-4C7C-B5D2-AE759B6CAD24}.Debug|x86.ActiveCfg = Debug|Win32
		{BB769480-88E1-4C7C-B5D2-AE759B6CAD24}.Debug|x86.Build.0 = Debug|Win32
		{BB769480-88E1-4C7C-B5D2-AE759B6CAD24}.Release|x64.ActiveCfg = Release|x64
		{BB769480-88E1-4C7C-B5D2-AE759B6CAD24}.Release|x64.Build.0 = Release|x64
		{BB769480-88E1-4C7C-B5D2-AE759B6CAD24}.Release|x86.ActiveCfg = Release|Win32
		{BB769480-88E1-4C7C-B5D2-AE759B6CAD24}.Release|x86.Build.0 = Release|Win32
		{8DACE8C8-DBEB-46E2-B8FB-EAE4A36C34A4}.Debug|x64.ActiveCfg = Debug|x64
		{8DACE8C8-DBEB-46E2-B8FB-EAE4A36C34A4}.Debug|x64.Build.0 = Debug|x64
		{8DACE8C8-DBEB-46E2-B8FB-EAE4A36C34A4}.Debug|x86.ActiveCfg = Debug|Win32
		{8DACE8C8-DBEB-46E2-B8FB-EAE4A36C34A4}.Debug|x86.Build.0 = Debug|Win32
		{8DACE8C8-DBEB-46E2-B8FB-EAE4A36C34A4}.Release|x64.ActiveCfg = Release|x64
		{8DACE8C8-DBEB-46E2-B8FB-EAE4A36C34A4}.Release|x64.Build.0 = Release|x64
		{8DACE8C8-DBEB-46E2-B8FB-EAE4A36C34A4}.Release|x86.ActiveCfg = Release|Win32
		{8DACE8C8-DBEB-46E2-B8FB-EAE4A36C34A4}.Release|x86.Build.0 = Release|Win32
		{90852F2E-F87E-4B37-B1A7-FACBFF0F5476}.Debug|x64.ActiveCfg = Debug|x64
		{90852F2E-F87E-4B37-B1A7-FACBFF0F5476}.Debug|x64.Build.0 = Debug|x64
		{90852F2E-F87E-4B37-B1A7-FACBFF0F5476}.Debug|x86.ActiveCfg = Debug|Win32
		{90852F2E-F87E-4B37-B1A7-FACBFF0F5476}.Debug|x86.Build.0 = Debug|Win32
		{90852F2E-F87E-4B37-B1A7-FACBFF0F5476}.Release|x64.ActiveCfg = Release|x64
		{90852F2E-F87E-4B37-B1A7-FACBFF0F5476}.Release|x64.Build.0 = Release|x64
		{90852F2E-F87E-4B37-B1A7-FACBFF0F5476}.Release|x86.ActiveCfg = Release|Win32
		{90852F2E-F87E-4B37-B1A7-FACBFF0F5476}.Release|x86.Build.0 = Release|Win32
		{86A809A2-8F37-46FB-9A4F-48C778892059}.Debug|x64.ActiveCfg = Debug|x64
		{86A809A2-8F37-46FB-9A4F-48C778892059}.Debug|x64.Build.0 = Debug|x64
		{86A809A2-8F37-46FB-9A4F-48C778892059}.Debug|x86.ActiveCfg = Debug|Win32
		{86A809A2-8F37-46FB-9A4F-48C778892059}.Debug|x86.Build.0 = Debug|Win32
		{86A809A2-8F37-46FB-9A4F-48C778892059}.Release|x64.ActiveCfg = Release|x64
		{86A809A2-8F37-46FB-9A4F-48C778892059}.Release|x64.Build.0 = Release|x64
		{86A809A2-8F37-46FB-9A4F-48C778892059}.Release|x86.ActiveCfg = Release|Win32
		{86A809A2-8F37-46FB-9A4F-48C778892059}.Release|x86.Build.0 = Release|Win32
		{9C56522C-1F46-4BAB-BA91-2419A4793DD3}.Debug|x64.ActiveCfg = Debug|x64
		{9C56522C-1F46-4BAB-BA91-2419A4793DD3}.Debug|x64.Build.0 = Debug|x64
		{9C56522C-1F46-4BAB-BA91-2419A4793DD3}.Debug|x86.ActiveCfg = Debug|Win32
		{9C56522C-1F46-4BAB-BA91-2419A4793DD3}.Debug|x86.Build.0 = Debug|Win32
		{9C56522C-1F46-4BAB-BA91-2419A4793DD3}.Release|x64.ActiveCfg = Release|x64
		{9C56522C-1F46-4BAB-BA91-2419A4793DD3}.Release|x64.Build.0 = Release|x64
		{9C56522C-1F46-4BAB-BA91-2419A4793DD3}.Release|x86.ActiveCfg = Release|Win32
		{9C56522C-1F46-4BAB-BA91-2419A4793DD3}.Release|x86.Build.0 = Release|Win32
		{B8B2E4DB-6364-4A90-82CE-0C1E65109762}.Debug|x64.ActiveCfg = Debug|x64
		{B8B2E4DB-6364-4A90-82CE-0C1E65109762}.Debug|x64.Build.0 = Debug|x64
		{B8B2E4DB-6364-4A90-82CE-0C1E65109762}.Debug|x86.ActiveCfg = Debug|Win32
		{B8B2E4DB-6364-4A90-82CE-0C1E65109762}.Debug|x86.Build.0 = Debug|Win32
		{B8B2E4DB-6364-4A90-82CE-0C1E65109762}.Release|x64.ActiveCfg = Release|x64
		{B8B2E4DB-6364-4A90-82CE-0C1E65109762}.Release|x64.Build.0 = Release|x64
		{B8B2E4DB-6364-4A90-82CE-0C1E65109762}.Release|x86.ActiveCfg = Release|Win32
		{B8B2E4DB-6364-4A90-82CE-0C1E65109762}.Release|x86.Build.0 = Release|Win32
		{20D8A29E-7A30-4F6A-B184-DEF665947371}.Debug|x64.ActiveCfg = Debug|x64
		{20D8A29E-7A30-4F6A-B184-DEF665947371}.Debug|x64.Build.0 = Debug|x64
		{20D8A29E-7A30-4F6A-B184-DEF665947371}.Debug|x86.ActiveCfg = Debug|Win32
		{20D8A29E-7A30-4F6A-B184-DEF665947371}.Debug|x86.Build.0 = Debug|Win32
		{20D8A29E-7A30-4F6A-B184-DEF665947371}.Release|x64.ActiveCfg = Release|x64
		{20D8A29E-7A30-4F6A-B184-DEF665947371}.Release|x64.Build.0 = Release|x64
		{20D8A29E-7A30-4F6A-B184-DEF665947371}.Release|x86.ActiveCfg = Release|Win32
		{20D8A29E-7A30-4F6A-B184-DEF665947371}.Release|x86.Build.0 = Release|Win32
		{8025B366-A4CB-4AA6-B496-BA45D5AFAE23}.Debug|x64.ActiveCfg = Debug|x64
		{8025B366-A4CB-4AA6-B496-BA45D5AFAE23}.Debug|x64.Build.0 = Debug|x64
		{8025B366-A4CB-4AA6-B496-BA45D5AFAE23}.Debug|x86.ActiveCfg = Debug|Win32
		{8025B366-A4CB-4AA6-B496-BA45D5AFAE23}.Debug|x86.Build.0 = Debug|Win32
		{8025B366-A4CB-4AA6-B496-BA45D5AFAE23}.Release|x64.ActiveCfg = Release|x64
		{8025B366-A4CB-4AA6-B496-BA45D5AFAE23}.Release|x64.Build.0 = Release|x64
		{8025B366-A4CB-4AA6-B496-BA45D5AFAE23}.Release|x86.ActiveCfg = Release|Win32
		{8025B366-A4CB-4AA6-B496-BA45D5AFAE23}.Release|x86.Build.0 = Release|Win32
		{6A38B1A3-7822-4D60-A663-206024EF7556}.Debug|x64.ActiveCfg = Debug|x64
		{6A38B1A3-7822-4D60-A663-206024EF7556}.Debug|x64.Build.0 = Debug|x64
		{6A38B1A3-7822-4D60-A663-206024EF7556}.Debug|x86.ActiveCfg = Debug|Win32
		{6A38B1A3-7822-4D60-A663-206024EF7556}.Debug|x86.Build.0 = Debug|Win32
		{6A38B1A3-7822-4D60-A663-206024EF7556}.Release|x64.ActiveCfg = Release|x64
		{6A38B1A3-7822-4D60-A663-206024EF7556}.Release|x64.Build.0 = Release|x64
		{6A38B1A3-7822-4D60-A663-206024EF7556}.Release|x86.ActiveCfg = Release|Win32
		{6A38B1A3-7822-4D60-A663-206024EF7556}.Release|x86.Build.0 = Release|Win32
		{03CD1828-3898-4AA7-898A-FC1D8C5BE69F}.Debug|x64.ActiveCfg = Debug|x64
		{03CD1828-3898-4AA7-898A-FC1D8C5BE69F}.Debug|x64.Build.0 = Debug|x64
		{03CD1828-3898-4AA7-898A-FC1D8C5BE69F}.Debug|x86.ActiveCfg = Debug|Win32
		{03CD1828-3898-4AA7-898A-FC1D8C5BE69F}.Debug|x86.Build.0 = Debug|Win32
		{03CD1828-3898-4AA7-898A-FC1D8C5BE69F}.Release|x64.ActiveCfg = Release|x64
		{03CD1828-3898-4AA7-898A-FC1D8C5BE69F}.Release|x64.Build.0 = Release|x64
		{03CD1828-3898-4AA7-898A-FC1D8C5BE69F}.Release|x86.ActiveCfg = Release|Win32
		{03CD1828-3898-4AA7-898A-FC1D8C5BE69F}.Release|x86.Build.0 = Release|Win32
		{538462D3-9538-4CD8-AB20-0471C0158BF9}.Debug|x64.ActiveCfg = Debug|x64
		{538462D3-9538-4CD8-AB20-0471C0158BF9}.Debug|x64.Build.0 = Debug|x64
		{538462D3-9538-4CD8-AB20-0471C0158BF9}.Debug|x86.ActiveCfg = Debug|Win32
		{538462D3-9538-4CD8-AB20-0471C0158BF9}.Debug|x86.Build.0 = Debug|Win32
		{538462D3-9538-4CD8-AB20-0471C0158BF9}.Release|x64.ActiveCfg = Release|x64
		{538462D3-9538-4CD8-AB20-0471C0158BF9}.Release|x64.Build.0 = Release|x64
		{538462D3-9538-4CD8-AB20-0471C0158BF9}.Release|x86.ActiveCfg = Release|Win32
		{538462D3-9538-4CD8-AB20-0471C0158BF9}.Release|x86.Build.0 = Release|Win32
		{E992ACBC-51A0-4F05-B141-51BD4E2805EA}.Debug|x64.ActiveCfg = Debug|x64
		{E992ACBC-51A0-4F05-B141-51BD4E2805EA}.Debug|x64.Build.0 = Debug|x64
		{E992ACBC-51A0-4F05-B141-51BD4E2805EA}.Debug|x86.ActiveCfg = Debug|Win32
		{E992ACBC-51A0-4F05-B141-51BD4E2805EA}.Debug|x86.Build.0 = Debug|Win32
		{E992ACBC-51A0-4F05-B141-51BD4E2805EA}.Release|x64.ActiveCfg = Release|x64
		{E992ACBC-51A0-4F05-B141-51BD4E2805EA}.Release|x64.Build.0 = Release|x64
		{E992ACBC-51A0-4F05-B141-51BD4E2805EA}.Release|x86.ActiveCfg = Release|Win32
		{E992ACBC-51A0-4F05-B141-51BD4E2805EA}.Release|x86.Build.0 = Release|Win32
		{5C9BD99F-DC12-478C-BAE3-53CC90B6FE25}.Debug|x64.ActiveCfg = Debug|x64
		{5C9BD99F-DC12-478C-BAE3-53CC90B6FE25}.Debug|x64.Build.0 = Debug|x64
		{5C9BD99F-DC12-478C-BAE3-53CC90B6FE25}.Debug|x86.ActiveCfg = Debug|Win32
		{5C9BD99F-DC12-478C-BAE3-53CC90B6FE25}.Debug|x86.Build.0 = Debug|Win32
		{5C9BD99F-DC12-478C-BAE3-53CC90B6FE25}.Release|x64.ActiveCfg = Release|x64
		{5C9BD99F-DC12-478C-BAE3-53CC90B6FE25}.Release|x64.Build.0 = Release|x64
		{5C9BD99F-DC12-478C-BAE3-53CC90B6FE25}.Release|x86.ActiveCfg = Release|Win32
		{5C9BD99F-DC12-478C-BAE3-53CC90B6FE25}.Release|x86.Build.0 = Release|Win32
		{DBCF5843-2F07-4EB2-BED5-96D1F7ADAD7E}.Debug|x64.ActiveCfg = Debug|x64
		{DBCF5843-2F07-4EB2-BED5-96D1F7ADAD7E}.Debug|x64.Build.0 = Debug|x64
		{DBCF5843-2F07-4EB2-BED5-96D1F7ADAD7E}.Debug|x86.ActiveCfg = Debug|Win32
		{DBCF5843-2F07-4EB2-BED5-96D1F7ADAD7E}.Debug|x86.Build.0 = Debug|Win32
		{DBCF5843-2F07-4EB2-BED5-96D1F7ADAD7E}.Release|x64.ActiveCfg = Release|x64
		{DBCF5843-2F07-4EB2-BED5-96D1F7ADAD7E}.Release|x64.Build.0 = Release|x64
		{DBCF5843-2F07-4EB2-BED5-96D1F7ADAD7E}.Release|x86.ActiveCfg = Release|Win32
		{DBCF5843-2F07-4EB2-BED5-96D1F7ADAD7E}.Release|x86.Build.0 = Release|Win32
		{0A4A2BD1-FEE9-4423-B4C5-6CD80A7E824B}.Debug|x64.ActiveCfg = Debug|x64
		{0A4A2BD1-FEE9-4423-B4C5-6CD80A7E824B}.Debug|x64.Build.0 = Debug|x64
		{0A4A2BD1-FEE9-4423-B4C5-6CD80A7E824B}.Debug|x86.ActiveCfg = Debug|Win32
		{0A4A2BD1-FEE9-4423-B4C5-6CD80A7E824B}.Debug|x86.Build.0 = Debug|Win32
		{0A4A2BD1-FEE9-4423-B4C5-6CD80A7E824B}.Release|x64.ActiveCfg = Release|x64
		{0A4A2BD1-FEE9-4423-B4C5-6CD80A7E824B}.Release|x64.Build.0 = Release|x64
		{0A4A2BD1-FEE9-4423-B4C5-6CD80A7E824B}.Release|x86.ActiveCfg = Release|Win32
		{0A4A2BD1-FEE9-4423-B4C5-6CD80A7E824B}.Release|x86.Build.0 = Release|Win32
		{58221023-05EE-4459-8976-C65FFE0452DF}.Debug|x64.ActiveCfg = Debug|x64
		{58221023-05EE-4459-8976-C65FFE0452DF}.Debug|x64.Build.0 = Debug|x64
		{58221023-05EE-4459-8976-C65FFE0452DF}.Debug|x86.ActiveCfg = Debug|Win32
		{58221023-05EE-4459-8976-C65FFE0452DF}.Debug|x86.Build.0 = Debug|Win32
		{58221023-05EE-4459-8976-C65FFE0452DF}.Release|x64.ActiveCfg = Release|x64
		{58221023-05EE-4459-8976-C65FFE0452DF}.Release|x64.Build.0 = Release|x64
		{58221023-05EE-4459-8976-C65FFE0452DF}.Release|x86.ActiveCfg = Release|Win32
		{58221023-05EE-4459-8976-C65FFE0452DF}.Release|x86.Build.0 = Release|Win32
		{E3271967-59C4-45E4-8A75-376E94EE471F}.Debug|x64.ActiveCfg = Debug|x64
		{E3271967-59C4-45E4-8A75-376E94EE471F}.Debug|x64.Build.0 = Debug|x64
		{E3271967-59C4-45E4-8A75-376E94EE471F}.Debug|x86.ActiveCfg = Debug|Win32
		{E3271967-59C4-45E4-8A75-376E94EE471F}.Debug|x86.Build.0 = Debug|Win32
		{E3271967-59C4-45E4-8A75-376E94EE471F}.Release|x64.ActiveCfg = Release|x64
		{E3271967-59C4-45E4-8A75-376E94EE471F}.Release|x64.Build.0 = Release|x64
		{E3271967-59C4-45E4-8A75-376E94EE471F}.Release|x86.ActiveCfg = Release|Win32
		{E3271967-59C4-45E4-8A75-376E94EE471F}.Release|x86.Build.0 = Release|Win32
		{013302D0-5EB5-43D3-A22F-954A95C40CB7}.Debug|x64.ActiveCfg = Debug|x64
		{013302D0-5EB5-43D3-A22F-954A95C40CB7}.Debug|x64.Build.0 = Debug|x64
		{013302D0-5EB5-43D3-A22F-954A95C40CB7}.Debug|x86.ActiveCfg = Debug|Win32
		{013302D0-5EB5-43D3-A22F-954A95C40CB7}.Debug|x86.Build.0 = Debug|Win32
		{013302D0-5EB5-43D3-A22F-954A95C40CB7}.Release|x64.ActiveCfg = Release|x64
		{013302D0-5EB5-43D3-A22F-954A95C40CB7}.Release|x64.Build.0 = Release|x64
		{013302D0-5EB5-43D3-A22F-954A95C40CB7}.Release|x86.ActiveCfg = Release|Win32
		{013302D0-5EB5-43D3-A22F-954A95C40CB7}.Release|x86.Build.0 = Release|Win32
		{84B23E14-0A3C-4422-AED5-76B47F2306F3}.Debug|x64.ActiveCfg = Debug|x64
		{84B23E14-0A3C-4422-AED5-76B47F2306F3}.Debug|x64.Build.0 = Debug|x64
		{84B23E14-0A3C-4422-AED5-76B47F2306F3}.Debug|x86.ActiveCfg = Debug|Win32
		{84B23E14-0A3C-4422-AED5-76B47F2306F3}.Debug|x86.Build.0 = Debug|Win32
		{84B23E14-0A3C-4422-AED5-76B47F2306F3}.Release|x64.ActiveCfg = Release|x64
		{84B23E14-0A3C-4422-AED5-76B47F2306F3}.Release|x64.Build.0 = Release|x64
		{84B23E14-0A3C-4422-AED5-76B47F2306F3}.Release|x86.ActiveCfg = Release|Win32
		{84B23E14-0A3C-4422-AED5-76B47F2306F3}.Release|x86.Build.0 = Release|Win32
		{856069EA-42AE-4ABA-A989-74CE6626CE37}.Debug|x64.ActiveCfg = Debug|x64
		{856069EA-42AE-4ABA-A989-74CE6626CE37}.Debug|x64.Build.0 = Debug|x64
		{856069EA-42AE-4ABA-A989-74CE6626CE37}.Debug|x86.ActiveCfg = Debug|Win32
		{856069EA-42AE-4ABA-A989-74CE6626CE37}.Debug|x86.Build.0 = Debug|Win32
		{856069EA-42AE-4ABA-A989-74CE6626CE37}.Release|x64.ActiveCfg = Release|x64
		{856069EA-42AE-4ABA-A989-74CE6626CE37}.Release|x64.Build.0 = Release|x64
		{856069EA-42AE-4ABA-A989-74CE6626CE37}.Release|x86.ActiveCfg = Release|Win32
		{856069EA-42AE-4ABA-A989-74CE6626CE37}.Release|x86.Build.0 = Release|Win32
		{96ED0058-411D-4385-B932-4113D82806BD}.Debug|x64.ActiveCfg = Debug|x64
		{96ED0058-411D-4385-B932-4113D82806BD}.Debug|x64.Build.0 = Debug|x64
		{96ED0058-411D-4385-B932-4113D82806BD}.Debug|x86.ActiveCfg = Debug|Win32
		{96ED0058-411D-4385-B932-4113D82806BD}.Debug|x86.Build.0 = Debug|Win32
		{96ED0058-411D-4385-B932-4113D82806BD}.Release|x64.ActiveCfg = Release|x64
		{96ED0058-411D-4385-B932-4113D82806BD}.Release|x64.Build.0 = Release|x64
		{96ED0058-411D-4385-B932-4113D82806BD}.Release|x86.ActiveCfg = Release|Win32
		{96ED0058-411D-4385-B932-4113D82806BD}.Release|x86.Build.0 = Release|Win32
		{86F1360D-5637-47FD-87F4-BDFF877B4447}.Debug|x64.ActiveCfg = Debug|x64
		{86F1360D-5637-47FD-87F4-BDFF877B4447}.Debug|x64.Build.0 = Debug|x64
		{86F1360D-5637-47FD-87F4-BDFF877B4447}.Debug|x86.ActiveCfg = Debug|Win32
		{86F1360D-5637-47FD-87F4-BDFF877B4447}.Debug|x86.Build.0 = Debug|Win32
		{86F1360D-5637-47FD-87F4-BDFF877B4447}.Release|x64.ActiveCfg = Release|x64
		{86F1360D-5637-47FD-87F4-BDFF877B4447}.Release|x64.Build.0 = Release|x64
		{86F1360D-5637-47FD-87F4-BDFF877B4447}.Release|x86.ActiveCfg = Release|Win32
		{86F1360D-5637-47FD-87F4-BDFF877B4447}.Release|x86.Build.0 = Release|Win32
		{C0ED4E06-5635-4E71-9C4C-CAF87B68CD5A}.Debug|x64.ActiveCfg = Debug|x64
		{C0ED4E06-5635-4E71-9C4C-CAF87B68CD5A}.Debug|x64.Build.0 = Debug|x64
		{C0ED4E06-5635-4E71-9C4C-CAF87B68CD5A}.Debug|x86.ActiveCfg = Debug|Win32
		{C0ED4E06-5635-4E71-9C4C-CAF87B68CD5A}.Debug|x86.Build.0 = Debug|Win32
		{C0ED4E06-5635-4E71-9C4C-CAF87B68CD5A}.Release|x64.ActiveCfg = Release|x64
		{C0ED4E06-5635-4E71-9C4C-CAF87B68CD5A}.Release|x64.Build.0 = Release|x64
		{C0ED4E06-5635-4E71-9C4C-CAF87B68CD5A}.Release|x86.ActiveCfg = Release|Win32
		{C0ED4E06-5635-4E71-9C4C-CAF87B68CD5A}.Release|x86.Build.0 = Release|Win32
		{8263D5DF-D8C1-45D3-ADE8-2A27262EED9D}.Debug|x64.ActiveCfg = Debug|x64
		{8263D5DF-D8C1-45D3-ADE8-2A27262EED9D}.Debug|x64.Build.0 = Debug|x64
		{8263D5DF-D8C1-45D3-ADE8-2A27262EED9D}.Debug|x86.ActiveCfg = Debug|Win32
		{8263D5DF-D8C1-45D3-ADE8-2A27262EED9D}.Debug|x86.Build.0 = Debug|Win32
		{8263D5DF-D8C1-45D3-ADE8-2A27262EED9D}.Release|x64.ActiveCfg = Release|x64
		{8263D5DF-D8C1-45D3-ADE8-2A27262EED9D}.Release|x64.Build.0 = Release|x64
		{8263D5DF-D8C1-45D3-ADE8-2A27262EED9D}.Release|x86.ActiveCfg = Release|Win32
		{8263D5DF-D8C1-45D3-ADE8-2A27262EED9D}.Release|x86.Build.0 = Release|Win32
		{450BF775-14C6-4D2A-B476-C7E2226AF1E9}.Debug|x64.ActiveCfg = Debug|x64
		{450BF775-14C6-4D2A-B476-C7E2226AF1E9}.Debug|x64.Build.0 = Debug|x64
		{450BF775-14C6-4D2A-B476-C7E2226AF1E9}.Debug|x86.ActiveCfg = Debug|Win32
		{450BF775-14C6-4D2A-B476-C7E2226AF1E9}.Debug|x86.Build.0 = Debug|Win32
		{450BF775-14C6-4D2A-B476-C7E2226AF1E9}.Release|x64.ActiveCfg = Release|x64
		{450BF775-14C6-4D2A-B476-C7E2226AF1E9}.Release|x64.Build.0 = Release|x64
		{450BF775-14C6-4D2A-B476-C7E2226AF1E9}.Release|x86.ActiveCfg = Release|Win32
		{450BF775-14C6-4D2A-B476-C7E2226AF1E9}.Release|x86.Build.0 = Release|Win32
		{5261EF60-BEC2-4D7C-B110-93C22CF358CC}.Debug|x64.ActiveCfg = Debug|x64
		{5261EF60-BEC2-4D7C-B110-93C22CF358CC}.Debug|x64.Build.0 = Debug|x64
		{5261EF60-BEC2-4D7C-B110-93C22CF358CC}.Debug|x86.ActiveCfg = Debug|Win32
		{5261EF60-BEC2-4D7C-B110-93C22CF358CC}.Debug|x86.Build.0 = Debug|Win32
		{5261EF60-BEC2-4D7C-B110-93C22CF358CC}.Release|x64.ActiveCfg = Release|x64
		{5261EF60-BEC2-4D7C-B110-93C22CF358CC}.Release|x64.Build.0 = Release|x64
		{5261EF60-BEC2-4D7C-B110-93C22CF358CC}.Release|x86.ActiveCfg = Release|Win32
		{5261EF60-BEC2-4D7C-B110-93C22CF358CC}.Release|x86.Build.0 = Release|Win32
		{A8A25660-F960-479F-9BEE-B35600197F42}.Debug|x64.ActiveCfg = Debug|x64
		{A8A25660-F960-479F-9BEE-B35600197F42}.Debug|x64.Build.0 = Debug|x64
		{A8A25660-F960-479F-9BEE-B35600197F42}.Debug|x86.ActiveCfg = Debug|Win32
		{A8A25660-F960-479F-9BEE-B35600197F42}.Debug|x86.Build.0 = Debug|Win32
		{A8A25660-F960-479F-9BEE-B35600197F42}.Release|x64.ActiveCfg = Release|x64
		{A8A25660-F960-479F-9BEE-B35600197F42}.Release|x64.Build.0 = Release|x64
		{A8A25660-F960-479F-9BEE-B35600197F42}.Release|x86.ActiveCfg = Release|Win32
		{A8A25660-F960-479F-9BEE-B35600197F42}.Release|x86.Build.0 = Release|Win32
		{28EDFB37-6F8D-4589-95C3-DE74ED35E8D4}.Debug|x64.ActiveCfg = Debug|x64
		{28EDFB37-6F8D-4589-95C3-DE74ED35E8D4}.Debug|x64.Build.0 = Debug|x64
		{28EDFB37-6F8D-4589-95C3-DE74ED35E8D4}.Debug|x86.ActiveCfg = Debug|Win32
		{28EDFB37-6F8D-4589-95C3-DE74ED35E8D4}.Debug|x86.Build.0 = Debug|Win32
		{28EDFB37-6F8D-4589-95C3-DE74ED35E8D4}.Release|x64.ActiveCfg = Release|x64
		{28EDFB37-6F8D-4589-95C3-DE74ED35E8D4}.Release|x64.Build.0 = Release|x64
		{28EDFB37-6F8D-4589-95C3-DE74ED35E8D4}.Release|x86.ActiveCfg = Release|Win32
		{28EDFB37-6F8D-4589-95C3-DE74ED35E8D4}.Release|x86.Build.0 = Release|Win32
		{08B83914-9422-4089-A56D-23AFC3213784}.Debug|x64.ActiveCfg = Debug|x64
		{08B83914-9422-4089-A56D-23AFC3213784}.Debug|x64.Build.0 = Debug|x64
		{08B83914-9422-4089-A56D-23AFC3213784}.Debug|x86.ActiveCfg = Debug|Win32
		{08B83914-9422-4089-A56D-23AFC3213784}.Debug|x86.Build.0 = Debug|Win32
		{08B83914-9422-4089-A56D-23AFC3213784}.Release|x64.ActiveCfg = Release|x64
		{08B83914-9422-4089-A56D-23AFC3213784}.Release|x64.Build.0 = Release|x64
		{08B83914-9422-4089-A56D-23AFC3213784}.Release|x86.ActiveCfg = Release|Win32
		{08B83914-9422-4089-A56D-23AFC3213784}.Release|x86.Build.0 = Release|Win32
		{56313F42-380A-4C6E-A334-391AF6745FB8}.Debug|x64.ActiveCfg = Debug|x64
		{56313F42-380A-4C6E-A334-391AF6745FB8}.Debug|x64.Build.0 = Debug|x64
		{56313F42-380A-4C6E-A334-391AF6745FB8}.Debug|x86.ActiveCfg = Debug|Win32
		{56313F42-380A-4C6E-A334-391AF6745FB8}.Debug|x86.Build.0 = Debug|Win32
		{56313F42-380A-4C6E-A334-391AF6745FB8}.Release|x64.ActiveCfg = Release|x64
		{56313F42-380A-4C6E-A334-391AF6745FB8}.Release|x64.Build.0 = Release|x64
		{56313F42-380A-4C6E-A334-391AF6745FB8}.Release|x86.ActiveCfg = Release|Win32
		{56313F42-380A-4C6E-A334-391AF6745FB8}.Release|x86.Build.0 = Release|Win32
		{4944C1A8-AD03-4D0E-BCCA-C5CD45EB98BA}.Debug|x64.ActiveCfg = Debug|x64
		{4944C1A8-AD03-4D0E-BCCA-C5CD45EB98BA}.Debug|x64.Build.0 = Debug|x64
		{4944C1A8-AD03-4D0E-BCCA-C5CD45EB98BA}.Debug|x86.ActiveCfg = Debug|Win32
		{4944C1A8-AD03-4D0E-BCCA-C5CD45EB98BA}.Debug|x86.Build.0 = Debug|Win32
		{4944C1A8-AD03-4D0E-BCCA-C5CD45EB98BA}.Release|x64.ActiveCfg = Release|x64
		{4944C1A8-AD03-4D0E-BCCA-C5CD45EB98BA}.Release|x64.Build.0 = Release|x64
		{4944C1A8-AD03-4D0E-BCCA-C5CD45EB98BA}.Release|x86.ActiveCfg = Release|Win32
		{4944C1A8-AD03-4D0E-BCCA-C5CD45EB98BA}.Release|x86.Build.0 = Release|Win32
		{C8894F00-87C1-42CF-B3BA-415819915B23}.Debug|x64.ActiveCfg = Debug|x64
		{C8894F00-87C1-42CF-B3BA-415819915B23}.Debug|x64.Build.0 = Debug|x64
		{C8894F00-87C1-42CF-B3BA-415819915B23}.Debug|x86.ActiveCfg = Debug|Win32
		{C8894F00-87C1-42CF-B3BA-415819915B23}.Debug|x86.Build.0 = Debug|Win32
		{C8894F00-87C1-42CF-B3BA-415819915B23}.Release|x64.ActiveCfg = Release|x64
		{C8894F00-87C1-42CF-B3BA-415819915B23}.Release|x64.Build.0 = Release|x64
		{C8894F00-87C1-42CF-B3BA-415819915B23}.Release|x86.ActiveCfg = Release|Win32
		{C8894F00-87C1-42CF-B3BA-415819915B23}.Release|x86.Build.0 = Release|Win32
		{4A0EC699-0FF4-46BE-B06B-A3E99E1AA8A3}.Debug|x64.ActiveCfg = Debug|x64
		{4A0EC699-0FF4-46BE-B06B-A3E99E1AA8A3}.Debug|x64.Build.0 = Debug|x64
		{4A0EC699-0FF4-46BE-B06B-A3E99E1AA8A3}.Debug|x86.ActiveCfg = Debug|Win32
		{4A0EC699-0FF4-46BE-B06B-A3E99E1AA8A3}.Debug|x86.Build.0 = Debug|Win32
		{4A0EC699-0FF4-46BE-B06B-A3E99E1AA8A3}.Release|x64.ActiveCfg = Release|x64
		{4A0EC699-0FF4-46BE-B06B-A3E99E1AA8A3}.Release|x64.Build.0 = Release|x64
		{4A0EC699-0FF4-46BE-B06B-A3E99E1AA8A3}.Release|x86.ActiveCfg = Release|Win32
		{4A0EC699-0FF4-46BE-B06B-A3E99E1AA8A3}.Release|x86.Build.0 = Release|Win32
		{F7702C7F-B6E3-4960-A885-B07EEA9E17D0}.Debug|x64.ActiveCfg = Debug|x64
		{F7702C7F-B6E3-4960-A885-B07EEA9E17D0}.Debug|x64.Build.0 = Debug|x64
		{F7702C7F-B6E3-4960-A885-B07EEA9E17D0}.Debug|x86.ActiveCfg = Debug|Win32
		{F7702C7F-B6E3-4960-A885-B07EEA9E17D0}.Debug|x86.Build.0 = Debug|Win32
		{F7702C7F-B6E3-4960-A885-B07EEA9E17D0}.Release|x64.ActiveCfg = Release|x64
		{F7702C7F-B6E3-4960-A885-B07EEA9E17D0}.Release|x64.Build.0 = Release|x64
		{F7702C7F-B6E3-4960-A885-B07EEA9E17D0}.Release|x86.ActiveCfg = Release|Win32
		{F7702C7F-B6E3-4960-A885-B07EEA9E17D0}.Release|x86.Build.0 = Release|Win32
		{5C1D975A-9747-44E3-9266-7C0ABED1F864}.Debug|x64.ActiveCfg = Debug|x64
		{5C1D975A-9747-44E3-9266-7C0ABED1F864}.Debug|x64.Build.0 = Debug|x64
		{5C1D975A-9747-44E3-9266-7C0ABED1F864}.Debug|x86.ActiveCfg = Debug|Win32
		{5C1D975A-9747-44E3-9266-7C0ABED1F864}.Debug|x86.Build.0 = Debug|Win32
		{5C1D975A-9747-44E3-9266-7C0ABED1F864}.Release|x64.ActiveCfg = Release|x64
		{5C1D975A-9747-44E3-9266-7C0ABED1F864}.Release|x64.Build.0 = Release|x64
		{5C1D975A-9747-44E3-9266-7C0ABED1F864}.Release|x86.ActiveCfg = Release|Win32
		{5C1D975A-9747-44E3-9266-7C0ABED1F864}.Release|x86.Build.0 = Release|Win32
		{0FEB52CA-A2E7-4181-AF05-8307DC3D8145}.Debug|x64.ActiveCfg = Debug|x64
		{0FEB52CA-A2E7-4181-AF05-8307DC3D8145}.Debug|x64.Build.0 = Debug|x64
		{0FEB52CA-A2E7-4181-AF05-8307DC3D8145}.Debug|x86.ActiveCfg = Debug|Win32
		{0FEB52CA-A2E7-4181-AF05-8307DC3D8145}.Debug|x86.Build.0 = Debug|Win32
		{0FEB52CA-A2E7-4181-AF05-8307DC3D8145}.Release|x64.ActiveCfg = Release|x64
		{0FEB52CA-A2E7-4181-AF05-8307DC3D8145}.Release|x64.Build.0 = Release|x64
		{0FEB52CA-A2E7-4181-AF05-8307DC3D8145}.Release|x86.ActiveCfg = Release|Win32
		{0FEB52CA-A2E7-4181-AF05-8307DC3D8145}.Release|x86.Build.0 = Release|Win32
		{FC35650F-9669-432D-A0B7-3B246BF5CAEC}.Debug|x64.ActiveCfg = Debug|x64
		{FC35650F-9669-432D-A0B7-3B246BF5CAEC}.Debug|x64.Build.0 = Debug|x64
		{FC35650F-9669-432D-A0B7-3B246BF5CAEC}.Debug|x86.ActiveCfg = Debug|Win32
		{FC35650F-9669-432D-A0B7-3B246BF5CAEC}.Debug|x86.Build.0 = Debug|Win32
		{FC35650F-9669-432D-A0B7-3B246BF5CAEC}.Release|x64.ActiveCfg = Release|x64
		{FC35650F-9669-432D-A0B7-3B246BF5CAEC}.Release|x64.Build.0 = Release|x64
		{FC35650F-9669-432D-A0B7-3B246BF5CAEC}.Release|x86.ActiveCfg = Release|Win32
		{FC35650F-9669-432D-A0B7-3B246BF5CAEC}.Release|x86.Build.0 = Release|Win32
		{38911B87-A547-434C-94B8-0BD6054A80DA}.Debug|x64.ActiveCfg = Debug|x64
		{38911B87-A547-434C-94B8-0BD6054A80DA}.Debug|x64.Build.0 = Debug|x64
		{38911B87-A547-434C-94B8-0BD6054A80DA}.Debug|x86.ActiveCfg = Debug|Win32
		{38911B87-A547-434C-94B8-0BD6054A80DA}.Debug|x86.Build.0 = Debug|Win32
		{38911B87-A547-434C-94B8-0BD6054A80DA}.Release|x64.ActiveCfg = Release|x64
		{38911B87-A547-434C-94B8-0BD6054A80DA}.Release|x64.Build.0 = Release|x64
		{38911B87-A547-434C-94B8-0BD6054A80DA}.Release|x86.ActiveCfg = Release|Win32
		{38911B87-A547-434C-94B8-0BD6054A80DA}.Release|x86.Build.0 = Release|Win32
		{E91B9401-09D2-4E34-A960-D0656AB6A776}.Debug|x64.ActiveCfg = Debug|x64
		{E91B9401-09D2-4E34-A960-D0656AB6A776}.Debug|x64.Build.0 = Debug|x64
		{E91B9401-09D2-4E34-A960-D0656AB6A776}.Debug|x86.ActiveCfg = Debug|Win32
		{E91B9401-09D2-4E34-A960-D0656AB6A776}.Debug|x86.Build.0 = Debug|Win32
		{E91B9401-09D2-4E34-A960-D0656AB6A776}.Release|x64.ActiveCfg = Release|x64
		{E91B9401-09D2-4E34-A960-D0656AB6A776}.Release|x64.Build.0 = Release|x64
		{E91B9401-09D2-4E34-A960-D0656AB6A776}.Release|x86.ActiveCfg = Release|Win32
		{E91B9401-09D2-4E34-A960-D0656AB6A776}.Release|x86.Build.0 = Release|Win32
		{C75B2F9F-4EA9-452A-86D6-7F3F0DFED81D}.Debug|x64.ActiveCfg = Debug|x64
		{C75B2F9F-4EA9-452A-86D6-7F3F0DFED81D}.Debug|x64.Build.0 = Debug|x64
		{C75B2F9F-4EA9-452A-86D6-7F3F0DFED81D}.Debug|x86.ActiveCfg = Debug|Win32
		{C75B2F9F-4EA9-452A-86D6-7F3F0DFED81D}.Debug|x86.Build.0 = Debug|Win32
		{C75B2F9F-4EA9-452A-86D6-7F3F0DFED81D}.Release|x64.ActiveCfg = Release|x64
		{C75B2F9F-4EA9-452A-86D6-7F3F0DFED81D}.Release|x64.Build.0 = Release|x64
		{C75B2F9F-4EA9-452A-86D6-7F3F0DFED81D}.Release|x86.ActiveCfg = Release|Win32
		{C75B2F9F-4EA9-452A-86D6-7F3F0DFED81D}.Release|x86.Build.0 = Release|Win32
		{7680049F-960C-4E58-8BC6-897CD4D3CA27}.Debug|x64.ActiveCfg = Debug|x64
		{7680049F-960C-4E58-8BC6-897CD4D3CA27}.Debug|x64.Build.0 = Debug|x64
		{7680049F-960C-4E58-8BC6-897CD4D3CA27}.Debug|x86.ActiveCfg = Debug|Win32
		{7680049F-960C-4E58-8BC6-897CD4D3CA27}.Debug|x86.Build.0 = Debug|Win32
		{7680049F-960C-4E58-8BC6-897CD4D3CA27}.Release|x64.ActiveCfg = Release|x64
		{7680049F-960C-4E58-8BC6-897CD4D3CA27}.Release|x64.Build.0 = Release|x64
		{7680049F-960C-4E58-8BC6-897CD4D3CA27}.Release|x86.ActiveCfg = Release|Win32
		{7680049F-960C-4E58-8BC6-897CD4D3CA27}.Release|x86.Build.0 = Release|Win32
		{DD320F21-85D2-43E1-8AA7-499075805F21}.Debug|x64.ActiveCfg = Debug|x64
		{DD320F21-85D2-43E1-8AA7-499075805F21}.Debug|x64.Build.0 = Debug|x64
		{DD320F21-85D2-43E1-8AA7-499075805F21}.Debug|x86.ActiveCfg = Debug|Win32
		{DD320F21-85D2-43E1-8AA7-499075805F21}.Debug|x86.Build.0 = Debug|Win32
		{DD320F21-85D2-43E1-8AA7-499075805F21}.Release|x64.ActiveCfg = Release|x64
		{DD320F21-85D2-43E1-8AA7-499075805F21}.Release|x64.Build.0 = Release|x64
		{DD320F21-85D2-43E1-8AA7-499075805F21}.Release|x86.ActiveCfg = Release|Win32
		{DD320F21-85D2-43E1-8AA7-499075805F21}.Release|x86.Build.0 = Release|Win32
		{B0E34C3A-7690-4FA9-A127-0E715D41C800}.Debug|x64.ActiveCfg = Debug|x64
		{B0E34C3A-7690-4FA9-A127-0E715D41C800}.Debug|x64.Build.0 = Debug|x64
		{B0E34C3A-7690-4FA9-A127-0E715D41C800}.Debug|x86.ActiveCfg = Debug|Win32
		{B0E34C3A-7690-4FA9-A127-0E715D41C800}.Debug|x86.Build.0 = Debug|Win32
		{B0E34C3A-7690-4FA9-A127-0E715D41C800}.Release|x64.ActiveCfg = Release|x64
		{B0E34C3A-7690-4FA9-A127-0E715D41C800}.Release|x64.Build.0 = Release|x64
		{B0E34C3A-7690-4FA9-A127-0E715D41C800}.Release|x86.ActiveCfg = Release|Win32
		{B0E34C3A-7690-4FA9-A127-0E715D41C800}.Release|x86.Build.0 = Release|Win32
		{D9833F9C-AB64-4368-B7A3-0884FE98C443}.Debug|x64.ActiveCfg = Debug|x64
		{D9833F9C-AB64-4368-B7A3-0884FE98C443}.Debug|x64.Build.0 = Debug|x64
		{D9833F9C-AB64-4368-B7A3-0884FE98C443}.Debug|x86.ActiveCfg = Debug|Win32
		{D9833F9C-AB64-4368-B7A3-0884FE98C443}.Debug|x86.Build.0 = Debug|Win32
		{D9833F9C-AB64-4368-B7A3-0884FE98C443}.Release|x64.ActiveCfg = Release|x64
		{D9833F9C-AB64-4368-B7A3-0884FE98C443}.Release|x64.Build.0 = Release|x64
		{D9833F9C-AB64-4368-B7A3-0884FE98C443}.Release|x86.ActiveCfg = Release|Win32
		{D9833F9C-AB64-4368-B7A3-0884FE98C443}.Release|x86.Build.0 = Release|Win32
		{9B01982C-EA28-44AE-A08C-AB162BE08B2D}.Debug|x64.ActiveCfg = Debug|x64
		{9B01982C-EA28-44AE-A08C-AB162BE08B2D}.Debug|x64.Build.0 = Debug|x64
		{9B01982C-EA28-44AE-A08C-AB162BE08B2D}.Debug|x86.ActiveCfg = Debug|Win32
		{9B01982C-EA28-44AE-A08C-AB162BE08B2D}.Debug|x86.Build.0 = Debug|Win32
		{9B01982C-EA28-44AE-A08C-AB162BE08B2D}.Release|x64.ActiveCfg = Release|x64
		{9B01982C-EA28-44AE-A08C-AB162BE08B2D}.Release|x64.Build.0 = Release|x64
		{9B01982C-EA28-44AE-A08C-AB162BE08B2D}.Release|x86.ActiveCfg = Release|Win32
		{9B01982C-EA28-44AE-A08C-AB162BE08B2D}.Release|x86.Build.0 = Release|Win32
		{C594D33B-E54D-456C-9588-42F6AF5AABFB}.Debug|x64.ActiveCfg = Debug|x64
		{C594D33B-E54D-456C-9588-42F6AF5AABFB}.Debug|x64.Build.0 = Debug|x64
		{C594D33B-E54D-456C-9588-42F6AF5AABFB}.Debug|x86.ActiveCfg = Debug|Win32
		{C594D33B-E54D-456C-9588-42F6AF5AABFB}.Debug|x86.Build.0 = Debug|Win32
		{C594D33B-E54D-456C-9588-42F6AF5AABFB}.Release|x64.ActiveCfg = Release|x64
		{C594D33B-E54D-456C-9588-42F6AF5AABFB}.Release|x64.Build.0 = Release|x64
		{C594D33B-E54D-456C-9588-42F6AF5AABFB}.Release|x86.ActiveCfg = Release|Win32
		{C594D33B-E54D-456C-9588-42F6AF5AABFB}.Release|x86.Build.0 = Release|Win32
		{FCF6A617-9906-41D8-A3EE-7E129B56DA12}.Debug|x64.ActiveCfg = Debug|x64
		{FCF6A617-9906-41D8-A3EE-7E129B56DA12}.Debug|x64.Build.0 = Debug|x64
		{FCF6A617-9906-41D8-A3EE-7E129B56DA12}.Debug|x86.ActiveCfg = Debug|Win32
		{FCF6A617-9906-41D8-A3EE-7E129B56DA12}.Debug|x86.Build.0 = Debug|Win32
		{FCF6A617-9906-41D8-A3EE-7E129B56DA12}.Release|x64.ActiveCfg = Release|x64
		{FCF6A617-9906-41D8-A3EE-7E129B56DA12}.Release|x64.Build.0 = Release|x64
		{FCF6A617-9906-41D8-A3EE-7E129B56DA12}.Release|x86.ActiveCfg = Release|Win32
		{FCF6A617-9906-41D8-A3EE-7E129B56DA12}.Release|x86.Build.0 = Release|Win32
		{6D9C188D-61A9-48C4-A2E6-DAA460775117}.Debug|x64.ActiveCfg = Debug|x64
		{6D9C188D-61A9-48C4-A2E6-DAA460775117}.Debug|x64.Build.0 = Debug|x64
		{6D9C188D-61A9-48C4-A2E6-DAA460775117}.Debug|x86.ActiveCfg = Debug|Win32
		{6D9C188D-61A9-48C4-A2E6-DAA460775117}.Debug|x86.Build.0 = Debug|Win32
		{6D9C188D-61A9-48C4-A2E6-DAA460775117}.Release|x64.ActiveCfg = Release|x64
		{6D9C188D-61A9-48C4-A2E6-DAA460775117}.Release|x64.Build.0 = Release|x64
		{6D9C188D-61A9-48C4-A2E6-DAA460775117}.Release|x86.ActiveCfg = Release|Win32
		{6D9C188D-61A9-48C4-A2E6-DAA460775117}.Release|x86.Build.0 = Release|Win32
		{38CBBCB1-974E-48A5-805C-F08DE0D91E12}.Debug|x64.ActiveCfg = Debug|x64
		{38CBBCB1-974E-48A5-805C-F08DE0D91E12}.Debug|x64.Build.0 = Debug|x64
		{38CBBCB1-974E-48A5-805C-F08DE0D91E12}.Debug|x86.ActiveCfg = Debug|Win32
		{38CBBCB1-974E-48A5-805C-F08DE0D91E12}.Debug|x86.Build.0 = Debug|Win32
		{38CBBCB1-974E-48A5-805C-F08DE0D91E12}.Release|x64.ActiveCfg = Release|x64
		{38CBBCB1-974E-48A5-805C-F08DE0D91E12}.Release|x64.Build.0 = Release|x64
		{38CBBCB1-974E-48A5-805C-F08DE0D91E12}.Release|x86.ActiveCfg = Release|Win32
		{38CBBCB1-974E-48A5-805C-F08DE0D91E12}.Release|x86.Build.0 = Release|Win32
		{4E2F9EF1-FAB3-4473-BE04-86070D37AB62}.Debug|x64.ActiveCfg = Debug|x64
		{4E2F9EF1-FAB3-4473-BE04-86070D37AB62}.Debug|x64.Build.0 = Debug|x64
		{4E2F9EF1-FAB3-4473-BE04-86070D37AB62}.Debug|x86.ActiveCfg = Debug|Win32
		{4E2F9EF1-FAB3-4473-BE04-86070D37AB62}.Debug|x86.Build.0 = Debug|Win32
		{4E2F9EF1-FAB3-4473-BE04-86070D37AB62}.Release|x64.ActiveCfg = Release|x64
		{4E2F9EF1-FAB3-4473-BE04-86070D37AB62}.Release|x64.Build.0 = Release|x64
		{4E2F9EF1-FAB3-4473-BE04-86070D37AB62}.Release|x86.ActiveCfg = Release|Win32
		{4E2F9EF1-FAB3-4473-BE04-86070D37AB62}.Release|x86.Build.0 = Release|Win32
		{10A25154-2CED-4AF4-91F7-289E64C98D0F}.Debug|x64.ActiveCfg = Debug|x64
		{10A25154-2CED-4AF4-91F7-289E64C98D0F}.Debug|x64.Build.0 = Debug|x64
		{10A25154-2CED-4AF4-91F7-289E64C98D0F}.Debug|x86.ActiveCfg = Debug|Win32
		{10A25154-2CED-4AF4-91F7-289E64C98D0F}.Debug|x86.Build.0 = Debug|Win32
		{10A25154-2CED-4AF4-91F7-289E64C98D0F}.Release|x64.ActiveCfg = Release|x64
		{10A25154-2CED-4AF4-91F7-289E64C98D0F}.Release|x64.Build.0 = Release|x64
		{10A25154-2CED-4AF4-91F7-289E64C98D0F}.Release|x86.ActiveCfg = Release|Win32
		{10A25154-2CED-4AF4-91F7-289E64C98D0F}.Release|x86.Build.0 = Release|Win32
		{C5B4E4E3-3074-4C8B-BF21-C32D312D019E}.Debug|x64.ActiveCfg = Debug|x64
		{C5B4E4E3-3074-4C8B-BF21-C32D312D019E}.Debug|x64.Build.0 = Debug|x64
		{C5B4E4E3-3074-4C8B-BF21-C32D312D019E}.Debug|x86.ActiveCfg = Debug|Win32
		{C5B4E4E3-3074-4C8B-BF21-C32D312D019E}.Debug|x86.Build.0 = Debug|Win32
		{C5B4E4E3-3074-4C8B-BF21-C32D312D019E}.Release|x64.ActiveCfg = Release|x64
		{C5B4E4E3-3074-4C8B-BF21-C32D312D019E}.Release|x64.Build.0 = Release|x64
		{C5B4E4E3-3074-4C8B-BF21-C32D312D019E}.Release|x86.ActiveCfg = Release|Win32
		{C5B4E4E3-3074-4C8B-BF21-C32D312D019E}.Release|x86.Build.0 = Release|Win32
		{6E115EB2-C5E0-44F5-9FA8-FEACE5C65E23}.Debug|x64.ActiveCfg = Debug|x64
		{6E115EB2-C5E0-44F5-9FA8-FEACE5C65E23}.Debug|x64.Build.0 = Debug|x64
		{6E115EB2-C5E0-44F5-9FA8-FEACE5C65E23}.Debug|x86.ActiveCfg = Debug|Win32
		{6E115EB2-C5E0-44F5-9FA8-FEACE5C65E23}.Debug|x86.Build.0 = Debug|Win32
		{6E115EB2-C5E0-44F5-9FA8-FEACE5C65E23}.Release|x64.ActiveCfg = Release|x64
		{6E115EB2-C5E0-44F5-9FA8-FEACE5C65E23}.Release|x64.Build.0 = Release|x64
		{6E115EB2-C5E0-44F5-9FA8-FEACE5C65E23}.Release|x86.ActiveCfg = Release|Win32
		{6E115EB2-C5E0-44F5-9FA8-FEACE5C65E23}.Release|x86.Build.0 = Release|Win32
		{FF9D57CC-D6CF-4F55-B827-093E37E3AB90}.Debug|x64.ActiveCfg = Debug|x64
		{FF9D57CC-D6CF-4F55-B827-093E37E3AB90}.Debug|x64.Build.0 = Debug|x64
		{FF9D57CC-D6CF-4F55-B827-093E37E3AB90}.Debug|x86.ActiveCfg = Debug|Win32
		{FF9D57CC-D6CF-4F55-B827-093E37E3AB90}.Debug|x86.Build.0 = Debug|Win32
		{FF9D57CC-D6CF-4F55-B827-093E37E3AB90}.Release|x64.ActiveCfg = Release|x64
		{FF9D57CC-D6CF-4F55-B827-093E37E3AB90}.Release|x64.Build.0 = Release|x64
		{FF9D57CC-D6CF-4F55-B827-093E37E3AB90}.Release|x86.ActiveCfg = Release|Win32
		{FF9D57CC-D6CF-4F55-B827-093E37E3AB90}.Release|x86.Build.0 = Release|Win32
		{A55E3640-56E2-4042-AB78-2EB64803A530}.Debug|x64.ActiveCfg = Debug|x64
		{A55E3640-56E2-4042-AB78-2EB64803A530}.Debug|x64.Build.0 = Debug|x64
		{A55E3640-56E2-4042-AB78-2EB64803A530}.Debug|x86.ActiveCfg = Debug|Win32
		{A55E3640-56E2-4042-AB78-2EB64803A530}.Debug|x86.Build.0 = Debug|Win32
		{A55E3640-56E2-4042-AB78-2EB64803A530}.Release|x64.ActiveCfg = Release|x64
		{A55E3640-56E2-4042-AB78-2EB64803A530}.Release|x64.Build.0 = Release|x64
		{A55E3640-56E2-4042-AB78-2EB64803A530}.Release|x86.ActiveCfg = Release|Win32
		{A55E3640-56E2-4042-AB78-2EB64803A530}.Release|x86.Build.0 = Release|Win32
		{417EB51C-4FEE-437B-AB48-EFE1D2A7B0AB}.Debug|x64.ActiveCfg = Debug|x64
		{417EB51C-4FEE-437B-AB48-EFE1D2A7B0AB}.Debug|x64.Build.0 = Debug|x64
		{417EB51C-4FEE-437B-AB48-EFE1D2A7B0AB}.Debug|x86.ActiveCfg = Debug|Win32
		{417EB51C-4FEE-437B-AB48-EFE1D2A7B0AB}.Debug|x86.Build.0 = Debug|Win32
		{417EB51C-4FEE-437B-AB48-EFE1D2A7B0AB}.Release|x64.ActiveCfg = Release|x64
		{417EB51C-4FEE-437B-AB48-EFE1D2A7B0AB}.Release|x64.Build.0 = Release|x64
		{417EB51C-4FEE-437B-AB48-EFE1D2A7B0AB}.Release|x86.ActiveCfg = Release|Win32
		{417EB51C-4FEE-437B-AB48-EFE1D2A7B0AB}.Release|x86.Build.0 = Release|Win32
		{F7CBC276-240B-4C98-B381-71DAF1677DEB}.Debug|x64.ActiveCfg = Debug|x64
		{F7CBC276-240B-4C98-B381-71DAF1677DEB}.Debug|x64.Build.0 = Debug|x64
		{F7CBC276-240B-4C98-B381-71DAF1677DEB}.Debug|x86.ActiveCfg = Debug|Win32
		{F7CBC276-240B-4C98-B381-71DAF1677DEB}.Debug|x86.Build.0 = Debug|Win32
		{F7CBC276-240B-4C98-B381-71DAF1677DEB}.Release|x64.ActiveCfg = Release|x64
		{F7CBC276-240B-4C98-B381-71DAF1677DEB}.Release|x64.Build.0 = Release|x64
		{F7CBC276-240B-4C98-B381-71DAF1677DEB}.Release|x86.ActiveCfg = Release|Win32
		{F7CBC276-240B-4C98-B381-71DAF1677DEB}.Release|x86.Build.0 = Release|Win32
		{F35B1447-C40A-4901-AA1A-0D3EFC16BB63}.Debug|x64.ActiveCfg = Debug|x64
		{F35B1447-C40A-4901-AA1A-0D3EFC16BB63}.Debug|x64.Build.0 = Debug|x64
		{F35B1447-C40A-4901-AA1A-0D3EFC16BB63}.Debug|x86.ActiveCfg = Debug|Win32
		{F35B1447-C40A-4901-AA1A-0D3EFC16BB63}.Debug|x86.Build.0 = Debug|Win32
		{F35B1447-C40A-4901-AA1A-0D3EFC16BB63}.Release|x64.ActiveCfg = Release|x64
		{F35B1447-C40A-4901-AA1A-0D3EFC16BB63}.Release|x64.Build.0 = Release|x64
		{F35B1447-C40A-4901-AA1A-0D3EFC16BB63}.Release|x86.ActiveCfg = Release|Win32
		{F35B1447-C40A-4901-AA1A-0D3EFC16BB63}.Release|x86.Build.0 = Release|Win32
		{C5BF9891-3191-4488-8ECB-6BF25E830A74}.Debug|x64.ActiveCfg = Debug|x64
		{C5BF9891-3191-4488-8ECB-6BF25E830A74}.Debug|x64.Build.0 = Debug|x64
		{C5BF9891-3191-4488-8ECB-6BF25E830A74}.Debug|x86.ActiveCfg = Debug|Win32
		{C5BF9891-3191-4488-8ECB-6BF25E830A74}.Debug|x86.Build.0 = Debug|Win32
		{C5BF9891-3191-4488-8ECB-6BF25E830A74}.Release|x64.ActiveCfg = Release|x64
		{C5BF9891-3191-4488-8ECB-6BF25E830A74}.Release|x64.Build.0 = Release|x64
		{C5BF9891-3191-4488-8ECB-6BF25E830A74}.Release|x86.ActiveCfg = Release|Win32
		{C5BF9891-3191-4488-8ECB-6BF25E830A74}.Release|x86.Build.0 = Release|Win32
		{E9D35419-1ECD-415C-9F41-ED0B211F75FB}.Debug|x64.ActiveCfg = Debug|x64
		{E9D35419-1ECD-415C-9F41-ED0B211F75FB}.Debug|x64.Build.0 = Debug|x64
		{E9D35419-1ECD-415C-9F41-ED0B211F75FB}.Debug|x86.ActiveCfg = Debug|Win32
		{E9D35419-1ECD-415C-9F41-ED0B211F75FB}.Debug|x86.Build.0 = Debug|Win32
		{E9D35419-1ECD-415C-9F41-ED0B211F75FB}.Release|x64.ActiveCfg = Release|x64
		{E9D35419-1ECD-415C-9F41-ED0B211F75FB}.Release|x64.Build.0 = Release|x64
		{E9D35419-1ECD-415C-9F41-ED0B211F75FB}.Release|x86.ActiveCfg = Release|Win32
		{E9D35419-1ECD-415C-9F41-ED0B211F75FB}.Release|x86.Build.0 = Release|Win32
		{7724D5F7-5A0D-4DC8-BB1B-C13A7E584EBA}.Debug|x64.ActiveCfg = Debug|x64
		{7724D5F7-5A0D-4DC8-BB1B-C13A7E584EBA}.Debug|x64.Build.0 = Debug|x64
		{7724D5F7-5A0D-4DC8-BB1B-C13A7E584EBA}.Debug|x86.ActiveCfg = Debug|Win32
		{7724D5F7-5A0D-4DC8-BB1B-C13A7E584EBA}.Debug|x86.Build.0 = Debug|Win32
		{7724D5F7-5A0D-4DC8-BB1B-C13A7E584EBA}.Release|x64.ActiveCfg = Release|x64
		{7724D5F7-5A0D-4DC8-BB1B-C13A7E584EBA}.Release|x64.Build.0 = Release|x64
		{7724D5F7-5A0D-4DC8-BB1B-C13A7E584EBA}.Release|x86.ActiveCfg = Release|Win32
		{7724D5F7-5A0D-4DC8-BB1B-C13A7E584EBA}.Release|x86.Build.0 = Release|Win32
		{A5608D39-0A3E-46DB-A687-03FAC3745DA9}.Debug|x64.ActiveCfg = Debug|x64
		{A5608D39-0A3E-46DB-A687-03FAC3745DA9}.Debug|x64.Build.0 = Debug|x64
		{A5608D39-0A3E-46DB-A687-03FAC3745DA9}.Debug|x86.ActiveCfg = Debug|Win32
		{A5608D39-0A3E-46DB-A687-03FAC3745DA9}.Debug|x86.Build.0 = Debug|Win32
		{A5608D39-0A3E-46DB-A687-03FAC3745DA9}.Release|x64.ActiveCfg = Release|x64
		{A5608D39-0A3E-46DB-A687-03FAC3745DA9}.Release|x64.Build.0 = Release|x64
		{A5608D39-0A3E-46DB-A687-03FAC3745DA9}.Release|x86.ActiveCfg = Release|Win32
		{A5608D39-0A3E-46DB-A687-03FAC3745DA9}.Release|x86.Build.0 = Release|Win32
		{F61F23A9-499A-440B-9A78-2769E7F18CC4}.Debug|x64.ActiveCfg = Debug|x64
		{F61F23A9-499A-440B-9A78-2769E7F18CC4}.Debug|x64.Build.0 = Debug|x64
		{F61F23A9-499A-440B-9A78-2769E7F18CC4}.Debug|x86.ActiveCfg = Debug|Win32
		{F61F23A9-499A-440B-9A78-2769E7F18CC4}.Debug|x86.Build.0 = Debug|Win32
		{F61F23A9-499A-440B-9A78-2769E7F18CC4}.Release|x64.ActiveCfg = Release|x64
		{F61F23A9-499A-440B-9A78-2769E7F18CC4}.Release|x64.Build.0 = Release|x64
		{F61F23A9-499A-440B-9A78-2769E7F18CC4}.Release|x86.ActiveCfg = Release|Win32
		{F61F23A9-499A-440B-9A78-2769E7F18CC4}.Release|x86.Build.0 = Release|Win32
		{542E89B2-2F62-41EA-8687-14A4B43DF6CE}.Debug|x64.ActiveCfg = Debug|x64
		{542E89B2-2F62-41EA-8687-14A4B43DF6CE}.Debug|x64.Build.0 = Debug|x64
		{542E89B2-2F62-41EA-8687-14A4B43DF6CE}.Debug|x86.ActiveCfg = Debug|Win32
		{542E89B2-2F62-41EA-8687-14A4B43DF6CE}.Debug|x86.Build.0 = Debug|Win32
		{542E89B2-2F62-41EA-8687-14A4B43DF6CE}.Release|x64.ActiveCfg = Release|x64
		{542E89B2-2F62-41EA-8687-14A4B43DF6CE}.Release|x64.Build.0 = Release|x64
		{542E89B2-2F62-41EA-8687-14A4B43DF6CE}.Release|x86.ActiveCfg = Release|Win32
		{542E89B2-2F62-41EA-8687-14A4B43DF6CE}.Release|x86.Build.0 = Release|Win32
		{5BAF35DB-DE77-4495-96F9-ABC516122FEE}.Debug|x64.ActiveCfg = Debug|x64
		{5BAF35DB-DE77-4495-96F9-ABC516122FEE}.Debug|x64.Build.0 = Debug|x64
		{5BAF35DB-DE77-4495-96F9-ABC516122FEE}.Debug|x86.ActiveCfg = Debug|Win32
		{5BAF35DB-DE77-4495-96F9-ABC516122FEE}.Debug|x86.Build.0 = Debug|Win32
		{5BAF35DB-DE77-4495-96F9-ABC516122FEE}.Release|x64.ActiveCfg = Release|x64
		{5BAF35DB-DE77-4495-96F9-ABC516122FEE}.Release|x64.Build.0 = Release|x64
		{5BAF35DB-DE77-4495-96F9-ABC516122FEE}.Release|x86.ActiveCfg = Release|Win32
		{5BAF35DB-DE77-4495-96F9-ABC516122FEE}.Release|x86.Build.0 = Release|Win32
		{1FC746C1-1C0E-436F-919E-53961FC8AEDE}.Debug|x64.ActiveCfg = Debug|x64
		{1FC746C1-1C0E-436F-919E-53961FC8AEDE}.Debug|x64.Build.0 = Debug|x64
		{1FC746C1-1C0E-436F-919E-53961FC8AEDE}.Debug|x86.ActiveCfg = Debug|Win32
		{1FC746C1-1C0E-436F-919E-53961FC8AEDE}.Debug|x86.Build.0 = Debug|Win32
		{1FC746C1-1C0E-436F-919E-53961FC8AEDE}.Release|x64.ActiveCfg = Release|x64
		{1FC746C1-1C0E-436F-919E-53961FC8AEDE}.Release|x64.Build.0 = Release|x64
		{1FC746C1-1C0E-436F-919E-53961FC8AEDE}.Release|x86.ActiveCfg = Release|Win32
		{1FC746C1-1C0E-436F-919E-53961FC8AEDE}.Release|x86.Build.0 = Release|Win32
		{7352F111-4192-4325-929C-FE448240DC88}.Debug|x64.ActiveCfg = Debug|x64
		{7352F111-4192-4325-929C-FE448240DC88}.Debug|x64.Build.0 = Debug|x64
		{7352F111-4192-4325-929C-FE448240DC88}.Debug|x86.ActiveCfg = Debug|Win32
		{7352F111-4192-4325-929C-FE448240DC88}.Debug|x86.Build.0 = Debug|Win32
		{7352F111-4192-4325-929C-FE448240DC88}.Release|x64.ActiveCfg = Release|x64
		{7352F111-4192-4325-929C-FE448240DC88}.Release|x64.Build.0 = Release|x64
		{7352F111-4192-4325-929C-FE448240DC88}.Release|x86.ActiveCfg = Release|Win32
		{7352F111-4192-4325-929C-FE448240DC88}.Release|x86.Build.0 = Release|Win32
		{69C50B28-1F20-4060-85E1-1C2A9B623165}.Debug|x64.ActiveCfg = Debug|x64
		{69C50B28-1F20-4060-85E1-1C2A9B623165}.Debug|x64.Build.0 = Debug|x64
		{69C50B28-1F20-4060-85E1-1C2A9B623165}.Debug|x86.ActiveCfg = Debug|Win32
		{69C50B28-1F20-4060-85E1-1C2A9B623165}.Debug|x86.Build.0 = Debug|Win32
		{69C50B28-1F20-4060-85E1-1C2A9B623165}.Release|x64.ActiveCfg = Release|x64
		{69C50B28-1F20-4060-85E1-1C2A9B623165}.Release|x64.Build.0 = Release|x64
		{69C50B28-1F20-4060-85E1-1C2A9B623165}.Release|x86.ActiveCfg = Release|Win32
		{69C50B28-1F20-4060-85E1-1C2A9B623165}.Release|x86.Build.0 = Release|Win32
		{9A66F31B-6A5A-4BE0-BDFA-29666C0CB9A5}.Debug|x64.ActiveCfg = Debug|x64
		{9A66F31B-6A5A-4BE0-BDFA-29666C0CB9A5}.Debug|x64.Build.0 = Debug|x64
		{9A66F31B-6A5A-4BE0-BDFA-29666C0CB9A5}.Debug|x86.ActiveCfg = Debug|Win32
		{9A66F31B-6A5A-4BE0-BDFA-29666C0CB9A5}.Debug|x86.Build.0 = Debug|Win32
		{9A66F31B-6A5A-4BE0-BDFA-29666C0CB9A5}.Release|x64.ActiveCfg = Release|x64
		{9A66F31B-6A5A-4BE0-BDFA-29666C0CB9A5}.Release|x64.Build.0 = Release|x64
		{9A66F31B-6A5A-4BE0-BDFA-29666C0CB9A5}.Release|x86.ActiveCfg = Release|Win32
		{9A66F31B-6A5A-4BE0-BDFA-29666C0CB9A5}.Release|x86.Build.0 = Release|Win32
		{F97B76D9-722E-4C1D-A70E-635EA8C0F8BC}.Debug|x64.ActiveCfg = Debug|x64
		{F97B76D9-722E-4C1D-A70E-635EA8C0F8BC}.Debug|x64.Build.0 = Debug|x64
		{F97B76D9-722E-4C1D-A70E-635EA8C0F8BC}.Debug|x86.ActiveCfg = Debug|Win32
		{F97B76D9-722E-4C1D-A70E-635EA8C0F8BC}.Debug|x86.Build.0 = Debug|Win32
		{F97B76D9-722E-4C1D-A70E-635EA8C0F8BC}.Release|x64.ActiveCfg = Release|x64
		{F97B76D9-722E-4C1D-A70E-635EA8C0F8BC}.Release|x64.Build.0 = Release|x64
		{F97B76D9-722E-4C1D-A70E-635EA8C0F8BC}.Release|x86.ActiveCfg = Release|Win32
		{F97B76D9-722E-4C1D-A70E-635EA8C0F8BC}.Release|x86.Build.0 = Release|Win32
		{1A9E9AF8-8BFD-48BC-8DFA-959030DA15AF}.Debug|x64.ActiveCfg = Debug|x64
		{1A9E9AF8-8BFD-48BC-8DFA-959030DA15AF}.Debug|x64.Build.0 = Debug|x64
		{1A9E9AF8-8BFD-48BC-8DFA-959030DA15AF}.Debug|x86.ActiveCfg = Debug|Win32
		{1A9E9AF8-8BFD-48BC-8DFA-959030DA15AF}.Debug|x86.Build.0 = Debug|Win32
		{1A9E9AF8-8BFD-48BC-8DFA-959030DA15AF}.Release|x64.ActiveCfg = Release|x64
		{1A9E9AF8-8BFD-48BC-8DFA-959030DA15AF}.Release|x64.Build.0 = Release|x64
		{1A9E9AF8-8BFD-48BC-8DFA-959030DA15AF}.Release|x86.ActiveCfg = Release|Win32
		{1A9E9AF8-8BFD-48BC-8DFA-959030DA15AF}.Release|x86.Build.0 = Release|Win32
		{13F3CE0C-01BF-4DC7-83FF-6612203696C6}.Debug|x64.ActiveCfg = Debug|x64
		{13F3CE0C-01BF-4DC7-83FF-6612203696C6}.Debug|x64.Build.0 = Debug|x64
		{13F3CE0C-01BF-4DC7-83FF-6612203696C6}.Debug|x86.ActiveCfg = Debug|Win32
		{13F3CE0C-01BF-4DC7-83FF-6612203696C6}.Debug|x86.Build.0 = Debug|Win32
		{13F3CE0C-01BF-4DC7-83FF-6612203696C6}.Release|x64.ActiveCfg = Release|x64
		{13F3CE0C-01BF-4DC7-83FF-6612203696C6}.Release|x64.Build.0 = Release|x64
		{13F3CE0C-01BF-4DC7-83FF-6612203696C6}.Release|x86.ActiveCfg = Release|Win32
		{13F3CE0C-01BF-4DC7-83FF-6612203696C6}.Release|x86.Build.0 = Release|Win32
		{A1169E36-EC37-46D1-A149-5EB31D6222B0}.Debug|x64.ActiveCfg = Debug|x64
		{A1169E36-EC37-46D1-A149-5EB31D6222B0}.Debug|x64.Build.0 = Debug|x64
		{A1169E36-EC37-46D1-A149-5EB31D6222B0}.Debug|x86.ActiveCfg = Debug|Win32
		{A1169E36-EC37-46D1-A149-5EB31D6222B0}.Debug|x86.Build.0 = Debug|Win32
		{A1169E36-EC37-46D1-A149-5EB31D6222B0}.Release|x64.ActiveCfg = Release|x64
		{A1169E36-EC37-46D1-A149-5EB31D6222B0}.Release|x64.Build.0 = Release|x64
		{A1169E36-EC37-46D1-A149-5EB31D6222B0}.Release|x86.ActiveCfg = Release|Win32
		{A1169E36-EC37-46D1-A149-5EB31D6222B0}.Release|x86.Build.0 = Release|Win32
		{9E918836-B4DE-4C5D-BC96-6350DA2103AE}.Debug|x64.ActiveCfg = Debug|x64
		{9E918836-B4DE-4C5D-BC96-6350DA2103AE}.Debug|x64.Build.0 = Debug|x64
		{9E918836-B4DE-4C5D-BC96-6350DA2103AE}.Debug|x86.ActiveCfg = Debug|Win32
		{9E918836-B4DE-4C5D-BC96-6350DA2103AE}.Debug|x86.Build.0 = Debug|Win32
		{9E918836-B4DE-4C5D-BC96-6350DA2103AE}.Release|x64.ActiveCfg = Release|x64
		{9E918836-B4DE-4C5D-BC96-6350DA2103AE}.Release|x64.Build.0 = Release|x64
		{9E918836-B4DE-4C5D-BC96-6350DA2103AE}.Release|x86.ActiveCfg = Release|Win32
		{9E918836-B4DE-4C5D-BC96-6350DA2103AE}.Release|x86.Build.0 = Release|Win32
		{8E2F401F-DE0B-47DD-BB8B-6B9AC03791DA}.Debug|x64.ActiveCfg = Debug|x64
		{8E2F401F-DE0B-47DD-BB8B-6B9AC03791DA}.Debug|x64.Build.0 = Debug|x64
		{8E2F401F-DE0B-47DD-BB8B-6B9AC03791DA}.Debug|x86.ActiveCfg = Debug|Win32
		{8E2F401F-DE0B-47DD-BB8B-6B9AC03791DA}.Debug|x86.Build.0 = Debug|Win32
		{8E2F401F-DE0B-47DD-BB8B-6B9AC03791DA}.Release|x64.ActiveCfg = Release|x64
		{8E2F401F-DE0B-47DD-BB8B-6B9AC03791DA}.Release|x64.Build.0 = Release|x64
		{8E2F401F-DE0B-47DD-BB8B-6B9AC03791DA}.Release|x86.ActiveCfg = Release|Win32
		{8E2F401F-DE0B-47DD-BB8B-6B9AC03791DA}.Release|x86.Build.0 = Release|Win32
		{4EA31AF4-991F-4C1D-A60A-0E88BDE8406E}.Debug|x64.ActiveCfg = Debug|x64
		{4EA31AF4-991F-4C1D-A60A-0E88BDE8406E}.Debug|x64.Build.0 = Debug|x64
		{4EA31AF4-991F-4C1D-A60A-0E88BDE8406E}.Debug|x86.ActiveCfg = Debug|Win32
		{4EA31AF4-991F-4C1D-A60A-0E88BDE8406E}.Debug|x86.Build.0 = Debug|Win32
		{4EA31AF4-991F-4C1D-A60A-0E88BDE8406E}.Release|x64.ActiveCfg = Release|x64
		{4EA31AF4-991F-4C1D-A60A-0E88BDE8406E}.Release|x64.Build.0 = Release|x64
		{4EA31AF4-991F-4C1D-A60A-0E88BDE8406E}.Release|x86.ActiveCfg = Release|Win32
		{4EA31AF4-991F-4C1D-A60A-0E88BDE8406E}.Release|x86.Build.0 = Release|Win32
		{99B9E069-57E8-41FC-A389-A8781FB9276B}.Debug|x64.ActiveCfg = Debug|x64
		{99B9E069-57E8-41FC-A389-A8781FB9276B}.Debug|x64.Build.0 = Debug|x64
		{99B9E069-57E8-41FC-A389-A8781FB9276B}.Debug|x86.ActiveCfg = Debug|Win32
		{99B9E069-57E8-41FC-A389-A8781FB9276B}.Debug|x86.Build.0 = Debug|Win32
		{99B9E069-57E8-41FC-A389-A8781FB9276B}.Release|x64.ActiveCfg = Release|x64
		{99B9E069-57E8-41FC-A389-A8781FB9276B}.Release|x64.Build.0 = Release|x64
		{99B9E069-57E8-41FC-A389-A8781FB9276B}.Release|x86.ActiveCfg = Release|Win32
		{99B9E069-57E8-41FC-A389-A8781FB9276B}.Release|x86.Build.0 = Release|Win32
		{6119A259-7A1C-424A-B532-942921268708}.Debug|x64.ActiveCfg = Debug|x64
		{6119A259-7A1C-424A-B532-942921268708}.Debug|x64.Build.0 = Debug|x64
		{6119A259-7A1C-424A-B532-942921268708}.Debug|x86.ActiveCfg = Debug|Win32
		{6119A259-7A1C-424A-B532-942921268708}.Debug|x86.Build.0 = Debug|Win32
		{6119A259-7A1C-424A-B532-942921268708}.Release|x64.ActiveCfg = Release|x64
		{6119A259-7A1C-424A-B532-942921268708}.Release|x64.Build.0 = Release|x64
		{6119A259-7A1C-424A-B532-942921268708}.Release|x86.ActiveCfg = Release|Win32
		{6119A259-7A1C-424A-B532-942921268708}.Release|x86.Build.0 = Release|Win32
		{325DCBC4-C75B-473D-9845-32139BC94F1F}.Debug|x64.ActiveCfg = Debug|x64
		{325DCBC4-C75B-473D-9845-32139BC94F1F}.Debug|x64.Build.0 = Debug|x64
		{325DCBC4-C75B-473D-9845-32139BC94F1F}.Debug|x86.ActiveCfg = Debug|Win32
		{325DCBC4-C75B-473D-9845-32139BC94F1F}.Debug|x86.Build.0 = Debug|Win32
		{325DCBC4-C75B-473D-9845-32139BC94F1F}.Release|x64.ActiveCfg = Release|x64
		{325DCBC4-C75B-473D-9845-32139BC94F1F}.Release|x64.Build.0 = Release|x64
		{325DCBC4-C75B-473D-9845-32139BC94F1F}.Release|x86.ActiveCfg = Release|Win32
		{325DCBC4-C75B-473D-9845-32139BC94F1F}.Release|x86.Build.0 = Release|Win32
		{925B4E13-945E-495D-9AC8-6B467ABA19C0}.Debug|x64.ActiveCfg = Debug|x64
		{925B4E13-945E-495D-9AC8-6B467ABA19C0}.Debug|x64.Build.0 = Debug|x64
		{925B4E13-945E-495D-9AC8-6B467ABA19C0}.Debug|x86.ActiveCfg = Debug|Win32
		{925B4E13-945E-495D-9AC8-6B467ABA19C0}.Debug|x86.Build.0 = Debug|Win32
		{925B4E13-945E-495D-9AC8-6B467ABA19C0}.Release|x64.ActiveCfg = Release|x64
		{925B4E13-945E-495D-9AC8-6B467ABA19C0}.Release|x64.Build.0 = Release|x64
		{925B4E13-945E-495D-9AC8-6B467ABA19C0}.Release|x86.ActiveCfg = Release|Win32
		{925B4E13-945E-495D-9AC8-6B467ABA19C0}.Release|x86.Build.0 = Release|Win32
		{5A4F6F9F-21A6-4377-825D-F794F5F84F38}.Debug|x64.ActiveCfg = Debug|x64
		{5A4F6F9F-21A6-4377-825D-F794F5F84F38}.Debug|x64.Build.0 = Debug|x64
		{5A4F6F9F-21A6-4377-825D-F794F5F84F38}.Debug|x86.ActiveCfg = Debug|Win32
		{5A4F6F9F-21A6-4377-825D-F794F5F84F38}.Debug|x86.Build.0 = Debug|Win32
		{5A4F6F9F-21A6-4377-825D-F794F5F84F38}.Release|x64.ActiveCfg = Release|x64
		{5A4F6F9F-21A6-4377-825D-F794F5F84F38}.Release|x64.Build.0 = Release|x64
		{5A4F6F9F-21A6-4377-825D-F794F5F84F38}.Release|x86.ActiveCfg = Release|Win32
		{5A4F6F9F-21A6-4377-825D-F794F5F84F38}.Release|x86.Build.0 = Release|Win32
		{26FC13F0-68EB-4F48-8A66-2A11DEC16E4D}.Debug|x64.ActiveCfg = Debug|x64
		{26FC13F0-68EB-4F48-8A66-2A11DEC16E4D}.Debug|x64.Build.0 = Debug|x64
		{26FC13F0-68EB-4F48-8A66-2A11DEC16E4D}.Debug|x86.ActiveCfg = Debug|Win32
		{26FC13F0-68EB-4F48-8A66-2A11DEC16E4D}.Debug|x86.Build.0 = Debug|Win32
		{26FC13F0-68EB-4F48-8A66-2A11DEC16E4D}.Release|x64.ActiveCfg = Release|x64
		{26FC13F0-68EB-4F48-8A66-2A11DEC16E4D}.Release|x64.Build.0 = Release|x64
		{26FC13F0-68EB-4F48-8A66-2A11DEC16E4D}.Release|x86.ActiveCfg = Release|Win32
		{26FC13F0-68EB-4F48-8A66-2A11DEC16E4D}.Release|x86.Build.0 = Release|Win32
		{97DDB0F4-8EF0-4044-9F94-2C5ED09B4669}.Debug|x64.ActiveCfg = Debug|x64
		{97DDB0F4-8EF0-4044-9F94-2C5ED09B4669}.Debug|x64.Build.0 = Debug|x64
		{97DDB0F4-8EF0-4044-9F94-2C5ED09B4669}.Debug|x86.ActiveCfg = Debug|Win32
		{97DDB0F4-8EF0-4044-9F94-2C5ED09B4669}.Debug|x86.Build.0 = Debug|Win32
		{97DDB0F4-8EF0-4044-9F94-2C5ED09B4669}.Release|x64.ActiveCfg = Release|x64
		{97DDB0F4-8EF0-4044-9F94-2C5ED09B4669}.Release|x64.Build.0 = Release|x64
		{97DDB0F4-8EF0-4044-9F94-2C5ED09B4669}.Release|x86.ActiveCfg = Release|Win32
		{97DDB0F4-8EF0-4044-9F94-2C5ED09B4669}.Release|x86.Build.0 = Release|Win32
	EndGlobalSection
	GlobalSection(SolutionProperties) = preSolution
		HideSolutionNode = FALSE
	EndGlobalSection
	GlobalSection(ExtensibilityGlobals) = postSolution
		SolutionGuid = {BE09048E-6F6B-4324-A634-31AADA64059B}
	EndGlobalSection
EndGlobal
