
Microsoft Visual Studio Solution File, Format Version 12.00
# Visual Studio Version 16
VisualStudioVersion = 16.0.29025.244
MinimumVisualStudioVersion = 10.0.40219.1
Project("{8BC9CEB8-8B4A-11D0-8D11-00A0C91BC942}") = "leetcode_237", "leetcode_237\leetcode_237.vcxproj", "{F6AFA41E-2A17-4085-B45F-77B23BFEF596}"
EndProject
Project("{8BC9CEB8-8B4A-11D0-8D11-00A0C91BC942}") = "leetcode_832", "leetcode_832\leetcode_832.vcxproj", "{78B2727E-E1B9-4BE5-9393-A15751753C94}"
EndProject
Project("{8BC9CEB8-8B4A-11D0-8D11-00A0C91BC942}") = "leetcode_206", "leetcode_206\leetcode_206.vcxproj", "{9342FFFF-C21D-4F3C-9DB6-B65D61859601}"
EndProject
Project("{8BC9CEB8-8B4A-11D0-8D11-00A0C91BC942}") = "leetcode_169", "leetcode_169\leetcode_169.vcxproj", "{9869DAAD-5DA3-417F-A054-547A949BB463}"
EndProject
Project("{8BC9CEB8-8B4A-11D0-8D11-00A0C91BC942}") = "leetcode_905", "leetcode_905\leetcode_905.vcxproj", "{2E71554B-E777-4A4A-8703-2870EF877684}"
EndProject
Project("{8BC9CEB8-8B4A-11D0-8D11-00A0C91BC942}") = "leetcode_977", "leetcode_977\leetcode_977.vcxproj", "{995D48BB-6CFB-4408-9242-4B96DA169ACD}"
EndProject
Project("{8BC9CEB8-8B4A-11D0-8D11-00A0C91BC942}") = "leetcode_21", "leetcode_21\leetcode_21.vcxproj", "{DA3D8330-F4A0-4DA2-A10A-079D81E3A03E}"
EndProject
Project("{8BC9CEB8-8B4A-11D0-8D11-00A0C91BC942}") = "leetcode_561", "leetcode_561\leetcode_561.vcxproj", "{76B85689-0840-4C53-969E-7C4DB6A4B45A}"
EndProject
Project("{8BC9CEB8-8B4A-11D0-8D11-00A0C91BC942}") = "leetcode_83", "leetcode_83\leetcode_83.vcxproj", "{F7F0D2ED-26F2-4656-B490-407427F35D25}"
EndProject
Project("{8BC9CEB8-8B4A-11D0-8D11-00A0C91BC942}") = "leetcode_876", "leetcode_876\leetcode_876.vcxproj", "{9616B4D7-A29A-42F9-842E-CE146D195D60}"
EndProject
Project("{8BC9CEB8-8B4A-11D0-8D11-00A0C91BC942}") = "leetcode_1", "leetcode_1\leetcode_1.vcxproj", "{7CF7BF70-9471-4254-B7B4-A168C4DA66B1}"
EndProject
Project("{8BC9CEB8-8B4A-11D0-8D11-00A0C91BC942}") = "leetcode_203", "leetcode_203\leetcode_203.vcxproj", "{7905634B-62D2-4E3F-8677-F029473CF01D}"
EndProject
Project("{8BC9CEB8-8B4A-11D0-8D11-00A0C91BC942}") = "leetcode_160", "leetcode_160\leetcode_160.vcxproj", "{A70C1EAA-DC30-428A-BAD2-973BF98C2781}"
EndProject
Project("{8BC9CEB8-8B4A-11D0-8D11-00A0C91BC942}") = "leetcode_23", "leetcode_23\leetcode_23.vcxproj", "{7289D451-5755-46E4-A9A5-B5294FD22C30}"
EndProject
Project("{8BC9CEB8-8B4A-11D0-8D11-00A0C91BC942}") = "util", "util\util.vcxproj", "{0B540A7D-A489-481D-9CFD-88B9CC402CA1}"
EndProject
Project("{8BC9CEB8-8B4A-11D0-8D11-00A0C91BC942}") = "leetcode_167", "leetcode_167\leetcode_167.vcxproj", "{97686A1C-1CA4-4B02-A02C-169D0DB548B2}"
EndProject
Project("{8BC9CEB8-8B4A-11D0-8D11-00A0C91BC942}") = "leetcode_653", "leetcode_653\leetcode_653.vcxproj", "{2E87B1D3-C273-4B47-BA7A-03824F9E3A0A}"
EndProject
Project("{8BC9CEB8-8B4A-11D0-8D11-00A0C91BC942}") = "leetcode_704", "leetcode_704\leetcode_704.vcxproj", "{0F1F5A70-C87A-4099-9A7B-12ACD6B532AE}"
EndProject
Project("{8BC9CEB8-8B4A-11D0-8D11-00A0C91BC942}") = "leetcode_700", "leetcode_700\leetcode_700.vcxproj", "{8B750AA9-64A5-480B-8EC6-D90FF8C62646}"
EndProject
Project("{8BC9CEB8-8B4A-11D0-8D11-00A0C91BC942}") = "leetcode_136", "leetcode_136\leetcode_136.vcxproj", "{BB769480-88E1-4C7C-B5D2-AE759B6CAD24}"
EndProject
Global
	GlobalSection(SolutionConfigurationPlatforms) = preSolution
		Debug|x64 = Debug|x64
		Debug|x86 = Debug|x86
		Release|x64 = Release|x64
		Release|x86 = Release|x86
	EndGlobalSection
	GlobalSection(ProjectConfigurationPlatforms) = postSolution
		{F6AFA41E-2A17-4085-B45F-77B23BFEF596}.Debug|x64.ActiveCfg = Debug|x64
		{F6AFA41E-2A17-4085-B45F-77B23BFEF596}.Debug|x64.Build.0 = Debug|x64
		{F6AFA41E-2A17-4085-B45F-77B23BFEF596}.Debug|x86.ActiveCfg = Debug|Win32
		{F6AFA41E-2A17-4085-B45F-77B23BFEF596}.Debug|x86.Build.0 = Debug|Win32
		{F6AFA41E-2A17-4085-B45F-77B23BFEF596}.Release|x64.ActiveCfg = Release|x64
		{F6AFA41E-2A17-4085-B45F-77B23BFEF596}.Release|x64.Build.0 = Release|x64
		{F6AFA41E-2A17-4085-B45F-77B23BFEF596}.Release|x86.ActiveCfg = Release|Win32
		{F6AFA41E-2A17-4085-B45F-77B23BFEF596}.Release|x86.Build.0 = Release|Win32
		{78B2727E-E1B9-4BE5-9393-A15751753C94}.Debug|x64.ActiveCfg = Debug|x64
		{78B2727E-E1B9-4BE5-9393-A15751753C94}.Debug|x64.Build.0 = Debug|x64
		{78B2727E-E1B9-4BE5-9393-A15751753C94}.Debug|x86.ActiveCfg = Debug|Win32
		{78B2727E-E1B9-4BE5-9393-A15751753C94}.Debug|x86.Build.0 = Debug|Win32
		{78B2727E-E1B9-4BE5-9393-A15751753C94}.Release|x64.ActiveCfg = Release|x64
		{78B2727E-E1B9-4BE5-9393-A15751753C94}.Release|x64.Build.0 = Release|x64
		{78B2727E-E1B9-4BE5-9393-A15751753C94}.Release|x86.ActiveCfg = Release|Win32
		{78B2727E-E1B9-4BE5-9393-A15751753C94}.Release|x86.Build.0 = Release|Win32
		{9342FFFF-C21D-4F3C-9DB6-B65D61859601}.Debug|x64.ActiveCfg = Debug|x64
		{9342FFFF-C21D-4F3C-9DB6-B65D61859601}.Debug|x64.Build.0 = Debug|x64
		{9342FFFF-C21D-4F3C-9DB6-B65D61859601}.Debug|x86.ActiveCfg = Debug|Win32
		{9342FFFF-C21D-4F3C-9DB6-B65D61859601}.Debug|x86.Build.0 = Debug|Win32
		{9342FFFF-C21D-4F3C-9DB6-B65D61859601}.Release|x64.ActiveCfg = Release|x64
		{9342FFFF-C21D-4F3C-9DB6-B65D61859601}.Release|x64.Build.0 = Release|x64
		{9342FFFF-C21D-4F3C-9DB6-B65D61859601}.Release|x86.ActiveCfg = Release|Win32
		{9342FFFF-C21D-4F3C-9DB6-B65D61859601}.Release|x86.Build.0 = Release|Win32
		{9869DAAD-5DA3-417F-A054-547A949BB463}.Debug|x64.ActiveCfg = Debug|x64
		{9869DAAD-5DA3-417F-A054-547A949BB463}.Debug|x64.Build.0 = Debug|x64
		{9869DAAD-5DA3-417F-A054-547A949BB463}.Debug|x86.ActiveCfg = Debug|Win32
		{9869DAAD-5DA3-417F-A054-547A949BB463}.Debug|x86.Build.0 = Debug|Win32
		{9869DAAD-5DA3-417F-A054-547A949BB463}.Release|x64.ActiveCfg = Release|x64
		{9869DAAD-5DA3-417F-A054-547A949BB463}.Release|x64.Build.0 = Release|x64
		{9869DAAD-5DA3-417F-A054-547A949BB463}.Release|x86.ActiveCfg = Release|Win32
		{9869DAAD-5DA3-417F-A054-547A949BB463}.Release|x86.Build.0 = Release|Win32
		{2E71554B-E777-4A4A-8703-2870EF877684}.Debug|x64.ActiveCfg = Debug|x64
		{2E71554B-E777-4A4A-8703-2870EF877684}.Debug|x64.Build.0 = Debug|x64
		{2E71554B-E777-4A4A-8703-2870EF877684}.Debug|x86.ActiveCfg = Debug|Win32
		{2E71554B-E777-4A4A-8703-2870EF877684}.Debug|x86.Build.0 = Debug|Win32
		{2E71554B-E777-4A4A-8703-2870EF877684}.Release|x64.ActiveCfg = Release|x64
		{2E71554B-E777-4A4A-8703-2870EF877684}.Release|x64.Build.0 = Release|x64
		{2E71554B-E777-4A4A-8703-2870EF877684}.Release|x86.ActiveCfg = Release|Win32
		{2E71554B-E777-4A4A-8703-2870EF877684}.Release|x86.Build.0 = Release|Win32
		{995D48BB-6CFB-4408-9242-4B96DA169ACD}.Debug|x64.ActiveCfg = Debug|x64
		{995D48BB-6CFB-4408-9242-4B96DA169ACD}.Debug|x64.Build.0 = Debug|x64
		{995D48BB-6CFB-4408-9242-4B96DA169ACD}.Debug|x86.ActiveCfg = Debug|Win32
		{995D48BB-6CFB-4408-9242-4B96DA169ACD}.Debug|x86.Build.0 = Debug|Win32
		{995D48BB-6CFB-4408-9242-4B96DA169ACD}.Release|x64.ActiveCfg = Release|x64
		{995D48BB-6CFB-4408-9242-4B96DA169ACD}.Release|x64.Build.0 = Release|x64
		{995D48BB-6CFB-4408-9242-4B96DA169ACD}.Release|x86.ActiveCfg = Release|Win32
		{995D48BB-6CFB-4408-9242-4B96DA169ACD}.Release|x86.Build.0 = Release|Win32
		{DA3D8330-F4A0-4DA2-A10A-079D81E3A03E}.Debug|x64.ActiveCfg = Debug|x64
		{DA3D8330-F4A0-4DA2-A10A-079D81E3A03E}.Debug|x64.Build.0 = Debug|x64
		{DA3D8330-F4A0-4DA2-A10A-079D81E3A03E}.Debug|x86.ActiveCfg = Debug|Win32
		{DA3D8330-F4A0-4DA2-A10A-079D81E3A03E}.Debug|x86.Build.0 = Debug|Win32
		{DA3D8330-F4A0-4DA2-A10A-079D81E3A03E}.Release|x64.ActiveCfg = Release|x64
		{DA3D8330-F4A0-4DA2-A10A-079D81E3A03E}.Release|x64.Build.0 = Release|x64
		{DA3D8330-F4A0-4DA2-A10A-079D81E3A03E}.Release|x86.ActiveCfg = Release|Win32
		{DA3D8330-F4A0-4DA2-A10A-079D81E3A03E}.Release|x86.Build.0 = Release|Win32
		{76B85689-0840-4C53-969E-7C4DB6A4B45A}.Debug|x64.ActiveCfg = Debug|x64
		{76B85689-0840-4C53-969E-7C4DB6A4B45A}.Debug|x64.Build.0 = Debug|x64
		{76B85689-0840-4C53-969E-7C4DB6A4B45A}.Debug|x86.ActiveCfg = Debug|Win32
		{76B85689-0840-4C53-969E-7C4DB6A4B45A}.Debug|x86.Build.0 = Debug|Win32
		{76B85689-0840-4C53-969E-7C4DB6A4B45A}.Release|x64.ActiveCfg = Release|x64
		{76B85689-0840-4C53-969E-7C4DB6A4B45A}.Release|x64.Build.0 = Release|x64
		{76B85689-0840-4C53-969E-7C4DB6A4B45A}.Release|x86.ActiveCfg = Release|Win32
		{76B85689-0840-4C53-969E-7C4DB6A4B45A}.Release|x86.Build.0 = Release|Win32
		{F7F0D2ED-26F2-4656-B490-407427F35D25}.Debug|x64.ActiveCfg = Debug|x64
		{F7F0D2ED-26F2-4656-B490-407427F35D25}.Debug|x64.Build.0 = Debug|x64
		{F7F0D2ED-26F2-4656-B490-407427F35D25}.Debug|x86.ActiveCfg = Debug|Win32
		{F7F0D2ED-26F2-4656-B490-407427F35D25}.Debug|x86.Build.0 = Debug|Win32
		{F7F0D2ED-26F2-4656-B490-407427F35D25}.Release|x64.ActiveCfg = Release|x64
		{F7F0D2ED-26F2-4656-B490-407427F35D25}.Release|x64.Build.0 = Release|x64
		{F7F0D2ED-26F2-4656-B490-407427F35D25}.Release|x86.ActiveCfg = Release|Win32
		{F7F0D2ED-26F2-4656-B490-407427F35D25}.Release|x86.Build.0 = Release|Win32
		{9616B4D7-A29A-42F9-842E-CE146D195D60}.Debug|x64.ActiveCfg = Debug|x64
		{9616B4D7-A29A-42F9-842E-CE146D195D60}.Debug|x64.Build.0 = Debug|x64
		{9616B4D7-A29A-42F9-842E-CE146D195D60}.Debug|x86.ActiveCfg = Debug|Win32
		{9616B4D7-A29A-42F9-842E-CE146D195D60}.Debug|x86.Build.0 = Debug|Win32
		{9616B4D7-A29A-42F9-842E-CE146D195D60}.Release|x64.ActiveCfg = Release|x64
		{9616B4D7-A29A-42F9-842E-CE146D195D60}.Release|x64.Build.0 = Release|x64
		{9616B4D7-A29A-42F9-842E-CE146D195D60}.Release|x86.ActiveCfg = Release|Win32
		{9616B4D7-A29A-42F9-842E-CE146D195D60}.Release|x86.Build.0 = Release|Win32
		{7CF7BF70-9471-4254-B7B4-A168C4DA66B1}.Debug|x64.ActiveCfg = Debug|x64
		{7CF7BF70-9471-4254-B7B4-A168C4DA66B1}.Debug|x64.Build.0 = Debug|x64
		{7CF7BF70-9471-4254-B7B4-A168C4DA66B1}.Debug|x86.ActiveCfg = Debug|Win32
		{7CF7BF70-9471-4254-B7B4-A168C4DA66B1}.Debug|x86.Build.0 = Debug|Win32
		{7CF7BF70-9471-4254-B7B4-A168C4DA66B1}.Release|x64.ActiveCfg = Release|x64
		{7CF7BF70-9471-4254-B7B4-A168C4DA66B1}.Release|x64.Build.0 = Release|x64
		{7CF7BF70-9471-4254-B7B4-A168C4DA66B1}.Release|x86.ActiveCfg = Release|Win32
		{7CF7BF70-9471-4254-B7B4-A168C4DA66B1}.Release|x86.Build.0 = Release|Win32
		{7905634B-62D2-4E3F-8677-F029473CF01D}.Debug|x64.ActiveCfg = Debug|x64
		{7905634B-62D2-4E3F-8677-F029473CF01D}.Debug|x64.Build.0 = Debug|x64
		{7905634B-62D2-4E3F-8677-F029473CF01D}.Debug|x86.ActiveCfg = Debug|Win32
		{7905634B-62D2-4E3F-8677-F029473CF01D}.Debug|x86.Build.0 = Debug|Win32
		{7905634B-62D2-4E3F-8677-F029473CF01D}.Release|x64.ActiveCfg = Release|x64
		{7905634B-62D2-4E3F-8677-F029473CF01D}.Release|x64.Build.0 = Release|x64
		{7905634B-62D2-4E3F-8677-F029473CF01D}.Release|x86.ActiveCfg = Release|Win32
		{7905634B-62D2-4E3F-8677-F029473CF01D}.Release|x86.Build.0 = Release|Win32
		{A70C1EAA-DC30-428A-BAD2-973BF98C2781}.Debug|x64.ActiveCfg = Debug|x64
		{A70C1EAA-DC30-428A-BAD2-973BF98C2781}.Debug|x64.Build.0 = Debug|x64
		{A70C1EAA-DC30-428A-BAD2-973BF98C2781}.Debug|x86.ActiveCfg = Debug|Win32
		{A70C1EAA-DC30-428A-BAD2-973BF98C2781}.Debug|x86.Build.0 = Debug|Win32
		{A70C1EAA-DC30-428A-BAD2-973BF98C2781}.Release|x64.ActiveCfg = Release|x64
		{A70C1EAA-DC30-428A-BAD2-973BF98C2781}.Release|x64.Build.0 = Release|x64
		{A70C1EAA-DC30-428A-BAD2-973BF98C2781}.Release|x86.ActiveCfg = Release|Win32
		{A70C1EAA-DC30-428A-BAD2-973BF98C2781}.Release|x86.Build.0 = Release|Win32
		{7289D451-5755-46E4-A9A5-B5294FD22C30}.Debug|x64.ActiveCfg = Debug|x64
		{7289D451-5755-46E4-A9A5-B5294FD22C30}.Debug|x64.Build.0 = Debug|x64
		{7289D451-5755-46E4-A9A5-B5294FD22C30}.Debug|x86.ActiveCfg = Debug|Win32
		{7289D451-5755-46E4-A9A5-B5294FD22C30}.Debug|x86.Build.0 = Debug|Win32
		{7289D451-5755-46E4-A9A5-B5294FD22C30}.Release|x64.ActiveCfg = Release|x64
		{7289D451-5755-46E4-A9A5-B5294FD22C30}.Release|x64.Build.0 = Release|x64
		{7289D451-5755-46E4-A9A5-B5294FD22C30}.Release|x86.ActiveCfg = Release|Win32
		{7289D451-5755-46E4-A9A5-B5294FD22C30}.Release|x86.Build.0 = Release|Win32
		{0B540A7D-A489-481D-9CFD-88B9CC402CA1}.Debug|x64.ActiveCfg = Debug|x64
		{0B540A7D-A489-481D-9CFD-88B9CC402CA1}.Debug|x64.Build.0 = Debug|x64
		{0B540A7D-A489-481D-9CFD-88B9CC402CA1}.Debug|x86.ActiveCfg = Debug|Win32
		{0B540A7D-A489-481D-9CFD-88B9CC402CA1}.Debug|x86.Build.0 = Debug|Win32
		{0B540A7D-A489-481D-9CFD-88B9CC402CA1}.Release|x64.ActiveCfg = Release|x64
		{0B540A7D-A489-481D-9CFD-88B9CC402CA1}.Release|x64.Build.0 = Release|x64
		{0B540A7D-A489-481D-9CFD-88B9CC402CA1}.Release|x86.ActiveCfg = Release|Win32
		{0B540A7D-A489-481D-9CFD-88B9CC402CA1}.Release|x86.Build.0 = Release|Win32
		{97686A1C-1CA4-4B02-A02C-169D0DB548B2}.Debug|x64.ActiveCfg = Debug|x64
		{97686A1C-1CA4-4B02-A02C-169D0DB548B2}.Debug|x64.Build.0 = Debug|x64
		{97686A1C-1CA4-4B02-A02C-169D0DB548B2}.Debug|x86.ActiveCfg = Debug|Win32
		{97686A1C-1CA4-4B02-A02C-169D0DB548B2}.Debug|x86.Build.0 = Debug|Win32
		{97686A1C-1CA4-4B02-A02C-169D0DB548B2}.Release|x64.ActiveCfg = Release|x64
		{97686A1C-1CA4-4B02-A02C-169D0DB548B2}.Release|x64.Build.0 = Release|x64
		{97686A1C-1CA4-4B02-A02C-169D0DB548B2}.Release|x86.ActiveCfg = Release|Win32
		{97686A1C-1CA4-4B02-A02C-169D0DB548B2}.Release|x86.Build.0 = Release|Win32
		{2E87B1D3-C273-4B47-BA7A-03824F9E3A0A}.Debug|x64.ActiveCfg = Debug|x64
		{2E87B1D3-C273-4B47-BA7A-03824F9E3A0A}.Debug|x64.Build.0 = Debug|x64
		{2E87B1D3-C273-4B47-BA7A-03824F9E3A0A}.Debug|x86.ActiveCfg = Debug|Win32
		{2E87B1D3-C273-4B47-BA7A-03824F9E3A0A}.Debug|x86.Build.0 = Debug|Win32
		{2E87B1D3-C273-4B47-BA7A-03824F9E3A0A}.Release|x64.ActiveCfg = Release|x64
		{2E87B1D3-C273-4B47-BA7A-03824F9E3A0A}.Release|x64.Build.0 = Release|x64
		{2E87B1D3-C273-4B47-BA7A-03824F9E3A0A}.Release|x86.ActiveCfg = Release|Win32
		{2E87B1D3-C273-4B47-BA7A-03824F9E3A0A}.Release|x86.Build.0 = Release|Win32
		{0F1F5A70-C87A-4099-9A7B-12ACD6B532AE}.Debug|x64.ActiveCfg = Debug|x64
		{0F1F5A70-C87A-4099-9A7B-12ACD6B532AE}.Debug|x64.Build.0 = Debug|x64
		{0F1F5A70-C87A-4099-9A7B-12ACD6B532AE}.Debug|x86.ActiveCfg = Debug|Win32
		{0F1F5A70-C87A-4099-9A7B-12ACD6B532AE}.Debug|x86.Build.0 = Debug|Win32
		{0F1F5A70-C87A-4099-9A7B-12ACD6B532AE}.Release|x64.ActiveCfg = Release|x64
		{0F1F5A70-C87A-4099-9A7B-12ACD6B532AE}.Release|x64.Build.0 = Release|x64
		{0F1F5A70-C87A-4099-9A7B-12ACD6B532AE}.Release|x86.ActiveCfg = Release|Win32
		{0F1F5A70-C87A-4099-9A7B-12ACD6B532AE}.Release|x86.Build.0 = Release|Win32
		{8B750AA9-64A5-480B-8EC6-D90FF8C62646}.Debug|x64.ActiveCfg = Debug|x64
		{8B750AA9-64A5-480B-8EC6-D90FF8C62646}.Debug|x64.Build.0 = Debug|x64
		{8B750AA9-64A5-480B-8EC6-D90FF8C62646}.Debug|x86.ActiveCfg = Debug|Win32
		{8B750AA9-64A5-480B-8EC6-D90FF8C62646}.Debug|x86.Build.0 = Debug|Win32
		{8B750AA9-64A5-480B-8EC6-D90FF8C62646}.Release|x64.ActiveCfg = Release|x64
		{8B750AA9-64A5-480B-8EC6-D90FF8C62646}.Release|x64.Build.0 = Release|x64
		{8B750AA9-64A5-480B-8EC6-D90FF8C62646}.Release|x86.ActiveCfg = Release|Win32
		{8B750AA9-64A5-480B-8EC6-D90FF8C62646}.Release|x86.Build.0 = Release|Win32
		{BB769480-88E1-4C7C-B5D2-AE759B6CAD24}.Debug|x64.ActiveCfg = Debug|x64
		{BB769480-88E1-4C7C-B5D2-AE759B6CAD24}.Debug|x64.Build.0 = Debug|x64
		{BB769480-88E1-4C7C-B5D2-AE759B6CAD24}.Debug|x86.ActiveCfg = Debug|Win32
		{BB769480-88E1-4C7C-B5D2-AE759B6CAD24}.Debug|x86.Build.0 = Debug|Win32
		{BB769480-88E1-4C7C-B5D2-AE759B6CAD24}.Release|x64.ActiveCfg = Release|x64
		{BB769480-88E1-4C7C-B5D2-AE759B6CAD24}.Release|x64.Build.0 = Release|x64
		{BB769480-88E1-4C7C-B5D2-AE759B6CAD24}.Release|x86.ActiveCfg = Release|Win32
		{BB769480-88E1-4C7C-B5D2-AE759B6CAD24}.Release|x86.Build.0 = Release|Win32
	EndGlobalSection
	GlobalSection(SolutionProperties) = preSolution
		HideSolutionNode = FALSE
	EndGlobalSection
	GlobalSection(ExtensibilityGlobals) = postSolution
		SolutionGuid = {BE09048E-6F6B-4324-A634-31AADA64059B}
	EndGlobalSection
EndGlobal
