<?xml version="1.0" encoding="utf-8"?>
<Project ToolsVersion="4.0" xmlns="http://schemas.microsoft.com/developer/msbuild/2003">
  <ItemGroup>
    <Filter Include="Source Files">
      <UniqueIdentifier>{4FC737F1-C7A5-4376-A066-2A32D752A2FF}</UniqueIdentifier>
      <Extensions>cpp;c;cc;cxx;def;odl;idl;hpj;bat;asm;asmx</Extensions>
    </Filter>
    <Filter Include="Header Files">
      <UniqueIdentifier>{93995380-89BD-4b04-88EB-625FBE52EBFB}</UniqueIdentifier>
      <Extensions>h;hh;hpp;hxx;hm;inl;inc;ipp;xsd</Extensions>
    </Filter>
    <Filter Include="Resource Files">
      <UniqueIdentifier>{67DA6AB6-F800-4c08-8B7A-83BB121AAD01}</UniqueIdentifier>
      <Extensions>rc;ico;cur;bmp;dlg;rc2;rct;bin;rgs;gif;jpg;jpeg;jpe;resx;tiff;tif;png;wav;mfcribbon-ms</Extensions>
    </Filter>
  </ItemGroup>
  <ItemGroup>
    <ClCompile Include="SearchInArray.cpp">
      <Filter>Source Files</Filter>
    </ClCompile>
    <ClCompile Include="leetcode_1.cpp">
      <Filter>Source Files</Filter>
    </ClCompile>
    <ClCompile Include="leetcode_4.cpp">
      <Filter>Source Files</Filter>
    </ClCompile>
    <ClCompile Include="leetcode_15.cpp">
      <Filter>Source Files</Filter>
    </ClCompile>
    <ClCompile Include="leetcode_33.cpp">
      <Filter>Source Files</Filter>
    </ClCompile>
    <ClCompile Include="leetcode_34.cpp">
      <Filter>Source Files</Filter>
    </ClCompile>
    <ClCompile Include="leetcode_41.cpp">
      <Filter>Source Files</Filter>
    </ClCompile>
    <ClCompile Include="leetcode_136.cpp">
      <Filter>Source Files</Filter>
    </ClCompile>
    <ClCompile Include="leetcode_169.cpp">
      <Filter>Source Files</Filter>
    </ClCompile>
    <ClCompile Include="leetcode_215.cpp">
      <Filter>Source Files</Filter>
    </ClCompile>
    <ClCompile Include="leetcode_229.cpp">
      <Filter>Source Files</Filter>
    </ClCompile>
    <ClCompile Include="leetcode_287.cpp">
      <Filter>Source Files</Filter>
    </ClCompile>
    <ClCompile Include="leetcode_347.cpp">
      <Filter>Source Files</Filter>
    </ClCompile>
    <ClCompile Include="leetcode_448.cpp">
      <Filter>Source Files</Filter>
    </ClCompile>
    <ClCompile Include="leetcode_704.cpp">
      <Filter>Source Files</Filter>
    </ClCompile>
    <ClCompile Include="leetcode_1157.cpp">
      <Filter>Source Files</Filter>
    </ClCompile>
  </ItemGroup>
</Project>